
Microsoft Visual Studio Solution File, Format Version 12.00
# Visual Studio Version 17
VisualStudioVersion = 17.2.32630.192
MinimumVisualStudioVersion = 10.0.40219.1
Project("{9A19103F-16F7-4668-BE54-9A1E7A4F7556}") = "R5T.F0119.Construction", "R5T.F0119.Construction\R5T.F0119.Construction.csproj", "{F9C54511-12C1-4C4A-88B4-E3548BDA4F2D}"
EndProject
Project("{9A19103F-16F7-4668-BE54-9A1E7A4F7556}") = "R5T.F0119", "R5T.F0119\R5T.F0119.csproj", "{87301640-AE84-45EB-9DC8-93AE65B17A50}"
EndProject
Project("{2150E333-8FDC-42A3-9474-1A3956D46DE8}") = "_Dependencies", "_Dependencies", "{BBE5954A-19A4-4E44-AE28-CAA83DE3E09D}"
EndProject
Project("{9A19103F-16F7-4668-BE54-9A1E7A4F7556}") = "R5T.F0000", "..\..\R5T.F0000\source\R5T.F0000\R5T.F0000.csproj", "{88A249DB-328B-4D08-B168-159EE579A394}"
EndProject
Project("{9A19103F-16F7-4668-BE54-9A1E7A4F7556}") = "R5T.F0002", "..\..\R5T.F0002\source\R5T.F0002\R5T.F0002.csproj", "{48C4644F-BEBE-42B0-954D-D8DAF732DD51}"
EndProject
Project("{9A19103F-16F7-4668-BE54-9A1E7A4F7556}") = "R5T.F0017.F002", "..\..\R5T.F0017\source\R5T.F0017.F002\R5T.F0017.F002.csproj", "{E584A759-61CA-474F-BDD8-70E87FA64E46}"
EndProject
Project("{9A19103F-16F7-4668-BE54-9A1E7A4F7556}") = "R5T.F0018", "..\..\R5T.F0018\source\R5T.F0018\R5T.F0018.csproj", "{20E5C8CF-4FD5-4CEA-B9FA-08DC47255F6B}"
EndProject
Project("{9A19103F-16F7-4668-BE54-9A1E7A4F7556}") = "R5T.F0032", "..\..\R5T.F0032\source\R5T.F0032\R5T.F0032.csproj", "{E0CB433B-B191-44EA-BC87-D1F7E3DF1555}"
EndProject
Project("{9A19103F-16F7-4668-BE54-9A1E7A4F7556}") = "R5T.F0099.T000", "..\..\R5T.F0099\source\R5T.F0099.T000\R5T.F0099.T000.csproj", "{65C50DF6-B745-43EC-BD28-29C2B170233A}"
EndProject
Project("{9A19103F-16F7-4668-BE54-9A1E7A4F7556}") = "R5T.F0109", "..\..\R5T.F0109\source\R5T.F0109\R5T.F0109.csproj", "{3BB26812-41CF-467C-AB3F-EA03A817A431}"
EndProject
Project("{9A19103F-16F7-4668-BE54-9A1E7A4F7556}") = "R5T.NG0008", "..\..\R5T.NG0008\source\R5T.NG0008\R5T.NG0008.csproj", "{C2725CB2-FABF-4538-8070-9D67573114C9}"
EndProject
Project("{9A19103F-16F7-4668-BE54-9A1E7A4F7556}") = "R5T.NG0010", "..\..\R5T.NG0010\source\R5T.NG0010\R5T.NG0010.csproj", "{E54A9AC6-C593-4308-8819-D48E83A19579}"
EndProject
Project("{9A19103F-16F7-4668-BE54-9A1E7A4F7556}") = "R5T.T0131", "..\..\R5T.T0131\source\R5T.T0131\R5T.T0131.csproj", "{9B983939-099E-445D-9041-8DFB91C2F37E}"
EndProject
Project("{9A19103F-16F7-4668-BE54-9A1E7A4F7556}") = "R5T.T0132", "..\..\R5T.T0132\source\R5T.T0132\R5T.T0132.csproj", "{DBC2F5F8-B84F-4654-84A4-4DD1997CF8A8}"
EndProject
Project("{9A19103F-16F7-4668-BE54-9A1E7A4F7556}") = "R5T.T0142", "..\..\R5T.T0142\source\R5T.T0142\R5T.T0142.csproj", "{D42DE7EA-DE90-4ED7-8BF7-66848C5B0C05}"
EndProject
Project("{9A19103F-16F7-4668-BE54-9A1E7A4F7556}") = "R5T.T0143", "..\..\R5T.T0143\source\R5T.T0143\R5T.T0143.csproj", "{49EB25AA-29C8-456D-889C-D9F6E19C7976}"
EndProject
Project("{9A19103F-16F7-4668-BE54-9A1E7A4F7556}") = "R5T.T0156", "..\..\R5T.T0156\source\R5T.T0156\R5T.T0156.csproj", "{0200DDA9-268D-4BF5-9276-2FD296E54432}"
EndProject
Project("{9A19103F-16F7-4668-BE54-9A1E7A4F7556}") = "R5T.T0161", "..\..\R5T.T0161\source\R5T.T0161\R5T.T0161.csproj", "{9593195A-0BC7-4F06-858D-228B6C848406}"
EndProject
Project("{9A19103F-16F7-4668-BE54-9A1E7A4F7556}") = "R5T.T0162", "..\..\R5T.T0162\source\R5T.T0162\R5T.T0162.csproj", "{A03A9C15-5434-44A9-B1CC-362C73D90F6D}"
EndProject
Project("{9A19103F-16F7-4668-BE54-9A1E7A4F7556}") = "R5T.T0169", "..\..\R5T.T0169\source\R5T.T0169\R5T.T0169.csproj", "{81FA6315-BF18-434B-B4C9-2309C400BF52}"
EndProject
Project("{9A19103F-16F7-4668-BE54-9A1E7A4F7556}") = "R5T.T0170", "..\..\R5T.T0170\source\R5T.T0170\R5T.T0170.csproj", "{C6647E74-9518-44E4-985D-45AD8EDE302D}"
EndProject
Project("{9A19103F-16F7-4668-BE54-9A1E7A4F7556}") = "R5T.T0171", "..\..\R5T.T0171\source\R5T.T0171\R5T.T0171.csproj", "{972920AC-93DD-4C5B-8022-BF16B744F97D}"
EndProject
Project("{9A19103F-16F7-4668-BE54-9A1E7A4F7556}") = "R5T.T0172", "..\..\R5T.T0172\source\R5T.T0172\R5T.T0172.csproj", "{96363CAA-B033-4897-9AD7-5FA1C2DBD130}"
EndProject
Project("{9A19103F-16F7-4668-BE54-9A1E7A4F7556}") = "R5T.T0173", "..\..\R5T.T0173\source\R5T.T0173\R5T.T0173.csproj", "{87FFBEDC-52A5-430D-84EA-8109806C239F}"
EndProject
Project("{9A19103F-16F7-4668-BE54-9A1E7A4F7556}") = "R5T.T0178", "..\..\R5T.T0178\source\R5T.T0178\R5T.T0178.csproj", "{98F0673F-A74B-41DF-86A9-E0CCB8C16D35}"
EndProject
Project("{9A19103F-16F7-4668-BE54-9A1E7A4F7556}") = "R5T.T0179", "..\..\R5T.T0179\source\R5T.T0179\R5T.T0179.csproj", "{8267B140-F187-41C3-A4C6-7B3BAFEB69C4}"
EndProject
Project("{9A19103F-16F7-4668-BE54-9A1E7A4F7556}") = "R5T.T0180", "..\..\R5T.T0180\source\R5T.T0180\R5T.T0180.csproj", "{638DBD2A-416F-452D-964F-C45BB7B86E98}"
EndProject
Project("{9A19103F-16F7-4668-BE54-9A1E7A4F7556}") = "R5T.T0181", "..\..\R5T.T0181\source\R5T.T0181\R5T.T0181.csproj", "{D7368B8F-48EC-44EB-BB3B-4EC06AB26CB8}"
EndProject
Project("{9A19103F-16F7-4668-BE54-9A1E7A4F7556}") = "R5T.Y0000", "..\..\R5T.Y0000\source\R5T.Y0000\R5T.Y0000.csproj", "{693E8B6C-BEDD-4FE4-AE3B-86605F1D9659}"
EndProject
Project("{9A19103F-16F7-4668-BE54-9A1E7A4F7556}") = "R5T.Z0000", "..\..\R5T.Z0000\source\R5T.Z0000\R5T.Z0000.csproj", "{423AA6D4-00AA-41CF-9E6D-C134C71ADFBC}"
EndProject
Project("{9A19103F-16F7-4668-BE54-9A1E7A4F7556}") = "R5T.Z0037", "..\..\R5T.Z0037\source\R5T.Z0037\R5T.Z0037.csproj", "{DFD620FB-B642-4F08-97FF-8E74A88D2606}"
EndProject
Global
	GlobalSection(NestedProjects) = preSolution
		{88A249DB-328B-4D08-B168-159EE579A394} = {BBE5954A-19A4-4E44-AE28-CAA83DE3E09D}
		{48C4644F-BEBE-42B0-954D-D8DAF732DD51} = {BBE5954A-19A4-4E44-AE28-CAA83DE3E09D}
		{E584A759-61CA-474F-BDD8-70E87FA64E46} = {BBE5954A-19A4-4E44-AE28-CAA83DE3E09D}
		{20E5C8CF-4FD5-4CEA-B9FA-08DC47255F6B} = {BBE5954A-19A4-4E44-AE28-CAA83DE3E09D}
		{E0CB433B-B191-44EA-BC87-D1F7E3DF1555} = {BBE5954A-19A4-4E44-AE28-CAA83DE3E09D}
		{65C50DF6-B745-43EC-BD28-29C2B170233A} = {BBE5954A-19A4-4E44-AE28-CAA83DE3E09D}
		{3BB26812-41CF-467C-AB3F-EA03A817A431} = {BBE5954A-19A4-4E44-AE28-CAA83DE3E09D}
		{C2725CB2-FABF-4538-8070-9D67573114C9} = {BBE5954A-19A4-4E44-AE28-CAA83DE3E09D}
		{E54A9AC6-C593-4308-8819-D48E83A19579} = {BBE5954A-19A4-4E44-AE28-CAA83DE3E09D}
		{9B983939-099E-445D-9041-8DFB91C2F37E} = {BBE5954A-19A4-4E44-AE28-CAA83DE3E09D}
		{DBC2F5F8-B84F-4654-84A4-4DD1997CF8A8} = {BBE5954A-19A4-4E44-AE28-CAA83DE3E09D}
		{D42DE7EA-DE90-4ED7-8BF7-66848C5B0C05} = {BBE5954A-19A4-4E44-AE28-CAA83DE3E09D}
		{49EB25AA-29C8-456D-889C-D9F6E19C7976} = {BBE5954A-19A4-4E44-AE28-CAA83DE3E09D}
		{0200DDA9-268D-4BF5-9276-2FD296E54432} = {BBE5954A-19A4-4E44-AE28-CAA83DE3E09D}
		{9593195A-0BC7-4F06-858D-228B6C848406} = {BBE5954A-19A4-4E44-AE28-CAA83DE3E09D}
		{A03A9C15-5434-44A9-B1CC-362C73D90F6D} = {BBE5954A-19A4-4E44-AE28-CAA83DE3E09D}
		{81FA6315-BF18-434B-B4C9-2309C400BF52} = {BBE5954A-19A4-4E44-AE28-CAA83DE3E09D}
		{C6647E74-9518-44E4-985D-45AD8EDE302D} = {BBE5954A-19A4-4E44-AE28-CAA83DE3E09D}
		{972920AC-93DD-4C5B-8022-BF16B744F97D} = {BBE5954A-19A4-4E44-AE28-CAA83DE3E09D}
		{96363CAA-B033-4897-9AD7-5FA1C2DBD130} = {BBE5954A-19A4-4E44-AE28-CAA83DE3E09D}
		{87FFBEDC-52A5-430D-84EA-8109806C239F} = {BBE5954A-19A4-4E44-AE28-CAA83DE3E09D}
		{98F0673F-A74B-41DF-86A9-E0CCB8C16D35} = {BBE5954A-19A4-4E44-AE28-CAA83DE3E09D}
		{8267B140-F187-41C3-A4C6-7B3BAFEB69C4} = {BBE5954A-19A4-4E44-AE28-CAA83DE3E09D}
		{638DBD2A-416F-452D-964F-C45BB7B86E98} = {BBE5954A-19A4-4E44-AE28-CAA83DE3E09D}
		{D7368B8F-48EC-44EB-BB3B-4EC06AB26CB8} = {BBE5954A-19A4-4E44-AE28-CAA83DE3E09D}
		{693E8B6C-BEDD-4FE4-AE3B-86605F1D9659} = {BBE5954A-19A4-4E44-AE28-CAA83DE3E09D}
		{423AA6D4-00AA-41CF-9E6D-C134C71ADFBC} = {BBE5954A-19A4-4E44-AE28-CAA83DE3E09D}
		{DFD620FB-B642-4F08-97FF-8E74A88D2606} = {BBE5954A-19A4-4E44-AE28-CAA83DE3E09D}
	EndGlobalSection
	GlobalSection(SolutionConfigurationPlatforms) = preSolution
		Debug|Any CPU = Debug|Any CPU
		Release|Any CPU = Release|Any CPU
	EndGlobalSection
	GlobalSection(ProjectConfigurationPlatforms) = postSolution
		{F9C54511-12C1-4C4A-88B4-E3548BDA4F2D}.Debug|Any CPU.ActiveCfg = Debug|Any CPU
		{F9C54511-12C1-4C4A-88B4-E3548BDA4F2D}.Debug|Any CPU.Build.0 = Debug|Any CPU
		{F9C54511-12C1-4C4A-88B4-E3548BDA4F2D}.Release|Any CPU.ActiveCfg = Release|Any CPU
		{F9C54511-12C1-4C4A-88B4-E3548BDA4F2D}.Release|Any CPU.Build.0 = Release|Any CPU
		{87301640-AE84-45EB-9DC8-93AE65B17A50}.Debug|Any CPU.ActiveCfg = Debug|Any CPU
		{87301640-AE84-45EB-9DC8-93AE65B17A50}.Debug|Any CPU.Build.0 = Debug|Any CPU
		{87301640-AE84-45EB-9DC8-93AE65B17A50}.Release|Any CPU.ActiveCfg = Release|Any CPU
		{87301640-AE84-45EB-9DC8-93AE65B17A50}.Release|Any CPU.Build.0 = Release|Any CPU
		{88A249DB-328B-4D08-B168-159EE579A394}.Debug|Any CPU.ActiveCfg = Debug|Any CPU
		{88A249DB-328B-4D08-B168-159EE579A394}.Debug|Any CPU.Build.0 = Debug|Any CPU
		{88A249DB-328B-4D08-B168-159EE579A394}.Release|Any CPU.ActiveCfg = Release|Any CPU
		{88A249DB-328B-4D08-B168-159EE579A394}.Release|Any CPU.Build.0 = Release|Any CPU
		{48C4644F-BEBE-42B0-954D-D8DAF732DD51}.Debug|Any CPU.ActiveCfg = Debug|Any CPU
		{48C4644F-BEBE-42B0-954D-D8DAF732DD51}.Debug|Any CPU.Build.0 = Debug|Any CPU
		{48C4644F-BEBE-42B0-954D-D8DAF732DD51}.Release|Any CPU.ActiveCfg = Release|Any CPU
		{48C4644F-BEBE-42B0-954D-D8DAF732DD51}.Release|Any CPU.Build.0 = Release|Any CPU
		{E584A759-61CA-474F-BDD8-70E87FA64E46}.Debug|Any CPU.ActiveCfg = Debug|Any CPU
		{E584A759-61CA-474F-BDD8-70E87FA64E46}.Debug|Any CPU.Build.0 = Debug|Any CPU
		{E584A759-61CA-474F-BDD8-70E87FA64E46}.Release|Any CPU.ActiveCfg = Release|Any CPU
		{E584A759-61CA-474F-BDD8-70E87FA64E46}.Release|Any CPU.Build.0 = Release|Any CPU
		{20E5C8CF-4FD5-4CEA-B9FA-08DC47255F6B}.Debug|Any CPU.ActiveCfg = Debug|Any CPU
		{20E5C8CF-4FD5-4CEA-B9FA-08DC47255F6B}.Debug|Any CPU.Build.0 = Debug|Any CPU
		{20E5C8CF-4FD5-4CEA-B9FA-08DC47255F6B}.Release|Any CPU.ActiveCfg = Release|Any CPU
		{20E5C8CF-4FD5-4CEA-B9FA-08DC47255F6B}.Release|Any CPU.Build.0 = Release|Any CPU
		{E0CB433B-B191-44EA-BC87-D1F7E3DF1555}.Debug|Any CPU.ActiveCfg = Debug|Any CPU
		{E0CB433B-B191-44EA-BC87-D1F7E3DF1555}.Debug|Any CPU.Build.0 = Debug|Any CPU
		{E0CB433B-B191-44EA-BC87-D1F7E3DF1555}.Release|Any CPU.ActiveCfg = Release|Any CPU
		{E0CB433B-B191-44EA-BC87-D1F7E3DF1555}.Release|Any CPU.Build.0 = Release|Any CPU
		{65C50DF6-B745-43EC-BD28-29C2B170233A}.Debug|Any CPU.ActiveCfg = Debug|Any CPU
		{65C50DF6-B745-43EC-BD28-29C2B170233A}.Debug|Any CPU.Build.0 = Debug|Any CPU
		{65C50DF6-B745-43EC-BD28-29C2B170233A}.Release|Any CPU.ActiveCfg = Release|Any CPU
		{65C50DF6-B745-43EC-BD28-29C2B170233A}.Release|Any CPU.Build.0 = Release|Any CPU
		{3BB26812-41CF-467C-AB3F-EA03A817A431}.Debug|Any CPU.ActiveCfg = Debug|Any CPU
		{3BB26812-41CF-467C-AB3F-EA03A817A431}.Debug|Any CPU.Build.0 = Debug|Any CPU
		{3BB26812-41CF-467C-AB3F-EA03A817A431}.Release|Any CPU.ActiveCfg = Release|Any CPU
		{3BB26812-41CF-467C-AB3F-EA03A817A431}.Release|Any CPU.Build.0 = Release|Any CPU
		{C2725CB2-FABF-4538-8070-9D67573114C9}.Debug|Any CPU.ActiveCfg = Debug|Any CPU
		{C2725CB2-FABF-4538-8070-9D67573114C9}.Debug|Any CPU.Build.0 = Debug|Any CPU
		{C2725CB2-FABF-4538-8070-9D67573114C9}.Release|Any CPU.ActiveCfg = Release|Any CPU
		{C2725CB2-FABF-4538-8070-9D67573114C9}.Release|Any CPU.Build.0 = Release|Any CPU
		{E54A9AC6-C593-4308-8819-D48E83A19579}.Debug|Any CPU.ActiveCfg = Debug|Any CPU
		{E54A9AC6-C593-4308-8819-D48E83A19579}.Debug|Any CPU.Build.0 = Debug|Any CPU
		{E54A9AC6-C593-4308-8819-D48E83A19579}.Release|Any CPU.ActiveCfg = Release|Any CPU
		{E54A9AC6-C593-4308-8819-D48E83A19579}.Release|Any CPU.Build.0 = Release|Any CPU
		{9B983939-099E-445D-9041-8DFB91C2F37E}.Debug|Any CPU.ActiveCfg = Debug|Any CPU
		{9B983939-099E-445D-9041-8DFB91C2F37E}.Debug|Any CPU.Build.0 = Debug|Any CPU
		{9B983939-099E-445D-9041-8DFB91C2F37E}.Release|Any CPU.ActiveCfg = Release|Any CPU
		{9B983939-099E-445D-9041-8DFB91C2F37E}.Release|Any CPU.Build.0 = Release|Any CPU
		{DBC2F5F8-B84F-4654-84A4-4DD1997CF8A8}.Debug|Any CPU.ActiveCfg = Debug|Any CPU
		{DBC2F5F8-B84F-4654-84A4-4DD1997CF8A8}.Debug|Any CPU.Build.0 = Debug|Any CPU
		{DBC2F5F8-B84F-4654-84A4-4DD1997CF8A8}.Release|Any CPU.ActiveCfg = Release|Any CPU
		{DBC2F5F8-B84F-4654-84A4-4DD1997CF8A8}.Release|Any CPU.Build.0 = Release|Any CPU
		{D42DE7EA-DE90-4ED7-8BF7-66848C5B0C05}.Debug|Any CPU.ActiveCfg = Debug|Any CPU
		{D42DE7EA-DE90-4ED7-8BF7-66848C5B0C05}.Debug|Any CPU.Build.0 = Debug|Any CPU
		{D42DE7EA-DE90-4ED7-8BF7-66848C5B0C05}.Release|Any CPU.ActiveCfg = Release|Any CPU
		{D42DE7EA-DE90-4ED7-8BF7-66848C5B0C05}.Release|Any CPU.Build.0 = Release|Any CPU
		{49EB25AA-29C8-456D-889C-D9F6E19C7976}.Debug|Any CPU.ActiveCfg = Debug|Any CPU
		{49EB25AA-29C8-456D-889C-D9F6E19C7976}.Debug|Any CPU.Build.0 = Debug|Any CPU
		{49EB25AA-29C8-456D-889C-D9F6E19C7976}.Release|Any CPU.ActiveCfg = Release|Any CPU
		{49EB25AA-29C8-456D-889C-D9F6E19C7976}.Release|Any CPU.Build.0 = Release|Any CPU
		{0200DDA9-268D-4BF5-9276-2FD296E54432}.Debug|Any CPU.ActiveCfg = Debug|Any CPU
		{0200DDA9-268D-4BF5-9276-2FD296E54432}.Debug|Any CPU.Build.0 = Debug|Any CPU
		{0200DDA9-268D-4BF5-9276-2FD296E54432}.Release|Any CPU.ActiveCfg = Release|Any CPU
		{0200DDA9-268D-4BF5-9276-2FD296E54432}.Release|Any CPU.Build.0 = Release|Any CPU
		{9593195A-0BC7-4F06-858D-228B6C848406}.Debug|Any CPU.ActiveCfg = Debug|Any CPU
		{9593195A-0BC7-4F06-858D-228B6C848406}.Debug|Any CPU.Build.0 = Debug|Any CPU
		{9593195A-0BC7-4F06-858D-228B6C848406}.Release|Any CPU.ActiveCfg = Release|Any CPU
		{9593195A-0BC7-4F06-858D-228B6C848406}.Release|Any CPU.Build.0 = Release|Any CPU
		{A03A9C15-5434-44A9-B1CC-362C73D90F6D}.Debug|Any CPU.ActiveCfg = Debug|Any CPU
		{A03A9C15-5434-44A9-B1CC-362C73D90F6D}.Debug|Any CPU.Build.0 = Debug|Any CPU
		{A03A9C15-5434-44A9-B1CC-362C73D90F6D}.Release|Any CPU.ActiveCfg = Release|Any CPU
		{A03A9C15-5434-44A9-B1CC-362C73D90F6D}.Release|Any CPU.Build.0 = Release|Any CPU
		{81FA6315-BF18-434B-B4C9-2309C400BF52}.Debug|Any CPU.ActiveCfg = Debug|Any CPU
		{81FA6315-BF18-434B-B4C9-2309C400BF52}.Debug|Any CPU.Build.0 = Debug|Any CPU
		{81FA6315-BF18-434B-B4C9-2309C400BF52}.Release|Any CPU.ActiveCfg = Release|Any CPU
		{81FA6315-BF18-434B-B4C9-2309C400BF52}.Release|Any CPU.Build.0 = Release|Any CPU
		{C6647E74-9518-44E4-985D-45AD8EDE302D}.Debug|Any CPU.ActiveCfg = Debug|Any CPU
		{C6647E74-9518-44E4-985D-45AD8EDE302D}.Debug|Any CPU.Build.0 = Debug|Any CPU
		{C6647E74-9518-44E4-985D-45AD8EDE302D}.Release|Any CPU.ActiveCfg = Release|Any CPU
		{C6647E74-9518-44E4-985D-45AD8EDE302D}.Release|Any CPU.Build.0 = Release|Any CPU
		{972920AC-93DD-4C5B-8022-BF16B744F97D}.Debug|Any CPU.ActiveCfg = Debug|Any CPU
		{972920AC-93DD-4C5B-8022-BF16B744F97D}.Debug|Any CPU.Build.0 = Debug|Any CPU
		{972920AC-93DD-4C5B-8022-BF16B744F97D}.Release|Any CPU.ActiveCfg = Release|Any CPU
		{972920AC-93DD-4C5B-8022-BF16B744F97D}.Release|Any CPU.Build.0 = Release|Any CPU
		{96363CAA-B033-4897-9AD7-5FA1C2DBD130}.Debug|Any CPU.ActiveCfg = Debug|Any CPU
		{96363CAA-B033-4897-9AD7-5FA1C2DBD130}.Debug|Any CPU.Build.0 = Debug|Any CPU
		{96363CAA-B033-4897-9AD7-5FA1C2DBD130}.Release|Any CPU.ActiveCfg = Release|Any CPU
		{96363CAA-B033-4897-9AD7-5FA1C2DBD130}.Release|Any CPU.Build.0 = Release|Any CPU
		{87FFBEDC-52A5-430D-84EA-8109806C239F}.Debug|Any CPU.ActiveCfg = Debug|Any CPU
		{87FFBEDC-52A5-430D-84EA-8109806C239F}.Debug|Any CPU.Build.0 = Debug|Any CPU
		{87FFBEDC-52A5-430D-84EA-8109806C239F}.Release|Any CPU.ActiveCfg = Release|Any CPU
		{87FFBEDC-52A5-430D-84EA-8109806C239F}.Release|Any CPU.Build.0 = Release|Any CPU
		{98F0673F-A74B-41DF-86A9-E0CCB8C16D35}.Debug|Any CPU.ActiveCfg = Debug|Any CPU
		{98F0673F-A74B-41DF-86A9-E0CCB8C16D35}.Debug|Any CPU.Build.0 = Debug|Any CPU
		{98F0673F-A74B-41DF-86A9-E0CCB8C16D35}.Release|Any CPU.ActiveCfg = Release|Any CPU
		{98F0673F-A74B-41DF-86A9-E0CCB8C16D35}.Release|Any CPU.Build.0 = Release|Any CPU
		{8267B140-F187-41C3-A4C6-7B3BAFEB69C4}.Debug|Any CPU.ActiveCfg = Debug|Any CPU
		{8267B140-F187-41C3-A4C6-7B3BAFEB69C4}.Debug|Any CPU.Build.0 = Debug|Any CPU
		{8267B140-F187-41C3-A4C6-7B3BAFEB69C4}.Release|Any CPU.ActiveCfg = Release|Any CPU
		{8267B140-F187-41C3-A4C6-7B3BAFEB69C4}.Release|Any CPU.Build.0 = Release|Any CPU
		{638DBD2A-416F-452D-964F-C45BB7B86E98}.Debug|Any CPU.ActiveCfg = Debug|Any CPU
		{638DBD2A-416F-452D-964F-C45BB7B86E98}.Debug|Any CPU.Build.0 = Debug|Any CPU
		{638DBD2A-416F-452D-964F-C45BB7B86E98}.Release|Any CPU.ActiveCfg = Release|Any CPU
		{638DBD2A-416F-452D-964F-C45BB7B86E98}.Release|Any CPU.Build.0 = Release|Any CPU
		{D7368B8F-48EC-44EB-BB3B-4EC06AB26CB8}.Debug|Any CPU.ActiveCfg = Debug|Any CPU
		{D7368B8F-48EC-44EB-BB3B-4EC06AB26CB8}.Debug|Any CPU.Build.0 = Debug|Any CPU
		{D7368B8F-48EC-44EB-BB3B-4EC06AB26CB8}.Release|Any CPU.ActiveCfg = Release|Any CPU
		{D7368B8F-48EC-44EB-BB3B-4EC06AB26CB8}.Release|Any CPU.Build.0 = Release|Any CPU
		{693E8B6C-BEDD-4FE4-AE3B-86605F1D9659}.Debug|Any CPU.ActiveCfg = Debug|Any CPU
		{693E8B6C-BEDD-4FE4-AE3B-86605F1D9659}.Debug|Any CPU.Build.0 = Debug|Any CPU
		{693E8B6C-BEDD-4FE4-AE3B-86605F1D9659}.Release|Any CPU.ActiveCfg = Release|Any CPU
		{693E8B6C-BEDD-4FE4-AE3B-86605F1D9659}.Release|Any CPU.Build.0 = Release|Any CPU
		{423AA6D4-00AA-41CF-9E6D-C134C71ADFBC}.Debug|Any CPU.ActiveCfg = Debug|Any CPU
		{423AA6D4-00AA-41CF-9E6D-C134C71ADFBC}.Debug|Any CPU.Build.0 = Debug|Any CPU
		{423AA6D4-00AA-41CF-9E6D-C134C71ADFBC}.Release|Any CPU.ActiveCfg = Release|Any CPU
		{423AA6D4-00AA-41CF-9E6D-C134C71ADFBC}.Release|Any CPU.Build.0 = Release|Any CPU
		{DFD620FB-B642-4F08-97FF-8E74A88D2606}.Debug|Any CPU.ActiveCfg = Debug|Any CPU
		{DFD620FB-B642-4F08-97FF-8E74A88D2606}.Debug|Any CPU.Build.0 = Debug|Any CPU
		{DFD620FB-B642-4F08-97FF-8E74A88D2606}.Release|Any CPU.ActiveCfg = Release|Any CPU
		{DFD620FB-B642-4F08-97FF-8E74A88D2606}.Release|Any CPU.Build.0 = Release|Any CPU
	EndGlobalSection
	GlobalSection(SolutionProperties) = preSolution
		HideSolutionNode = FALSE
	EndGlobalSection
	GlobalSection(ExtensibilityGlobals) = postSolution
		SolutionGuid = {1EDF10A0-D419-4500-A932-6F01C56AD9D4}
	EndGlobalSection
EndGlobal
