
Microsoft Visual Studio Solution File, Format Version 12.00
# Visual Studio Version 17
VisualStudioVersion = 17.2.32630.192
MinimumVisualStudioVersion = 10.0.40219.1
Project("{9A19103F-16F7-4668-BE54-9A1E7A4F7556}") = "R5T.F0119", "R5T.F0119\R5T.F0119.csproj", "{03B58E09-9320-43AC-B47A-E2097DC300FA}"
EndProject
Project("{2150E333-8FDC-42A3-9474-1A3956D46DE8}") = "_Dependencies", "_Dependencies", "{7A71EA26-39E5-4B14-B50B-523A76ED984C}"
EndProject
Project("{9A19103F-16F7-4668-BE54-9A1E7A4F7556}") = "R5T.F0000", "..\..\R5T.F0000\source\R5T.F0000\R5T.F0000.csproj", "{5C27C040-5664-461E-974B-D67F723DE19D}"
EndProject
Project("{9A19103F-16F7-4668-BE54-9A1E7A4F7556}") = "R5T.F0002", "..\..\R5T.F0002\source\R5T.F0002\R5T.F0002.csproj", "{BB0DE5A4-1E8B-40E3-BA00-A61EDC3CD939}"
EndProject
Project("{9A19103F-16F7-4668-BE54-9A1E7A4F7556}") = "R5T.F0017.F002", "..\..\R5T.F0017\source\R5T.F0017.F002\R5T.F0017.F002.csproj", "{FA45B657-52E6-4D26-A1EC-1A5F6C6EF8E9}"
EndProject
Project("{9A19103F-16F7-4668-BE54-9A1E7A4F7556}") = "R5T.F0018", "..\..\R5T.F0018\source\R5T.F0018\R5T.F0018.csproj", "{5F84813A-B88B-4F22-AB71-3FDE417A723D}"
EndProject
Project("{9A19103F-16F7-4668-BE54-9A1E7A4F7556}") = "R5T.F0032", "..\..\R5T.F0032\source\R5T.F0032\R5T.F0032.csproj", "{2D9A48FC-1D67-43CF-9143-7379E0E4E42B}"
EndProject
Project("{9A19103F-16F7-4668-BE54-9A1E7A4F7556}") = "R5T.F0099.T000", "..\..\R5T.F0099\source\R5T.F0099.T000\R5T.F0099.T000.csproj", "{96A15E55-31AE-4379-BD72-D00E70FAACC4}"
EndProject
Project("{9A19103F-16F7-4668-BE54-9A1E7A4F7556}") = "R5T.F0109", "..\..\R5T.F0109\source\R5T.F0109\R5T.F0109.csproj", "{435CADD3-1F65-4860-9E24-4AD9C6C3A71C}"
EndProject
Project("{9A19103F-16F7-4668-BE54-9A1E7A4F7556}") = "R5T.NG0008", "..\..\R5T.NG0008\source\R5T.NG0008\R5T.NG0008.csproj", "{82FE9F7B-5792-4174-BBD6-65E96DEE6B65}"
EndProject
Project("{9A19103F-16F7-4668-BE54-9A1E7A4F7556}") = "R5T.NG0010", "..\..\R5T.NG0010\source\R5T.NG0010\R5T.NG0010.csproj", "{82F7DFA9-E0AB-4D74-9094-542794DF6D16}"
EndProject
Project("{9A19103F-16F7-4668-BE54-9A1E7A4F7556}") = "R5T.T0131", "..\..\R5T.T0131\source\R5T.T0131\R5T.T0131.csproj", "{AD590C83-AC8E-42AA-B0F1-B8B60E60F084}"
EndProject
Project("{9A19103F-16F7-4668-BE54-9A1E7A4F7556}") = "R5T.T0132", "..\..\R5T.T0132\source\R5T.T0132\R5T.T0132.csproj", "{8098470B-73C7-462E-AA02-CDF53BEEECA4}"
EndProject
Project("{9A19103F-16F7-4668-BE54-9A1E7A4F7556}") = "R5T.T0142", "..\..\R5T.T0142\source\R5T.T0142\R5T.T0142.csproj", "{4A078B1A-3B3F-4FBD-9ADB-31EDDE6BADDE}"
EndProject
Project("{9A19103F-16F7-4668-BE54-9A1E7A4F7556}") = "R5T.T0143", "..\..\R5T.T0143\source\R5T.T0143\R5T.T0143.csproj", "{714EA73E-CD44-4533-A41D-32B313E1B9DD}"
EndProject
Project("{9A19103F-16F7-4668-BE54-9A1E7A4F7556}") = "R5T.T0156", "..\..\R5T.T0156\source\R5T.T0156\R5T.T0156.csproj", "{83372CC5-2082-4D66-8878-78605C7CEF0E}"
EndProject
Project("{9A19103F-16F7-4668-BE54-9A1E7A4F7556}") = "R5T.T0161", "..\..\R5T.T0161\source\R5T.T0161\R5T.T0161.csproj", "{76D14E3C-2C0A-4636-92DE-88D09A698AE0}"
EndProject
Project("{9A19103F-16F7-4668-BE54-9A1E7A4F7556}") = "R5T.T0162", "..\..\R5T.T0162\source\R5T.T0162\R5T.T0162.csproj", "{3DBC85FB-10EC-4F04-AF0E-4433E5ADA371}"
EndProject
Project("{9A19103F-16F7-4668-BE54-9A1E7A4F7556}") = "R5T.T0169", "..\..\R5T.T0169\source\R5T.T0169\R5T.T0169.csproj", "{DD7D92FE-5058-4440-A67F-512F22951BAE}"
EndProject
Project("{9A19103F-16F7-4668-BE54-9A1E7A4F7556}") = "R5T.T0170", "..\..\R5T.T0170\source\R5T.T0170\R5T.T0170.csproj", "{B3BEE2C4-52E5-4E4B-B096-F18493A3EF65}"
EndProject
Project("{9A19103F-16F7-4668-BE54-9A1E7A4F7556}") = "R5T.T0171", "..\..\R5T.T0171\source\R5T.T0171\R5T.T0171.csproj", "{4BBD482C-A7BE-423B-80BD-0860C5BA8F3C}"
EndProject
Project("{9A19103F-16F7-4668-BE54-9A1E7A4F7556}") = "R5T.T0172", "..\..\R5T.T0172\source\R5T.T0172\R5T.T0172.csproj", "{8B0B6138-695B-45E5-8C4B-43D76A34C01B}"
EndProject
Project("{9A19103F-16F7-4668-BE54-9A1E7A4F7556}") = "R5T.T0173", "..\..\R5T.T0173\source\R5T.T0173\R5T.T0173.csproj", "{42613D19-1468-406F-8DF6-4EEEF1D861FE}"
EndProject
Project("{9A19103F-16F7-4668-BE54-9A1E7A4F7556}") = "R5T.T0178", "..\..\R5T.T0178\source\R5T.T0178\R5T.T0178.csproj", "{97149AC3-74CD-4F99-B457-448BF04FFDDD}"
EndProject
Project("{9A19103F-16F7-4668-BE54-9A1E7A4F7556}") = "R5T.T0179", "..\..\R5T.T0179\source\R5T.T0179\R5T.T0179.csproj", "{932C22C3-578C-40F5-A56F-E4C256D73ABF}"
EndProject
Project("{9A19103F-16F7-4668-BE54-9A1E7A4F7556}") = "R5T.T0180", "..\..\R5T.T0180\source\R5T.T0180\R5T.T0180.csproj", "{52BE8184-4850-4062-9DBF-2ED6ED04F5B8}"
EndProject
Project("{9A19103F-16F7-4668-BE54-9A1E7A4F7556}") = "R5T.T0181", "..\..\R5T.T0181\source\R5T.T0181\R5T.T0181.csproj", "{01CB1685-F188-48AA-B7A5-A500A05BAE4B}"
EndProject
Project("{9A19103F-16F7-4668-BE54-9A1E7A4F7556}") = "R5T.Y0000", "..\..\R5T.Y0000\source\R5T.Y0000\R5T.Y0000.csproj", "{88C1596E-12A0-4162-BA13-596CA6D44B22}"
EndProject
Project("{9A19103F-16F7-4668-BE54-9A1E7A4F7556}") = "R5T.Z0000", "..\..\R5T.Z0000\source\R5T.Z0000\R5T.Z0000.csproj", "{08C83802-D6C8-4C1A-95D7-E8CBD02FDB79}"
EndProject
Project("{9A19103F-16F7-4668-BE54-9A1E7A4F7556}") = "R5T.Z0037", "..\..\R5T.Z0037\source\R5T.Z0037\R5T.Z0037.csproj", "{F71A471B-4423-4A6B-A4C8-9A2AD45DDB18}"
EndProject
Project("{9A19103F-16F7-4668-BE54-9A1E7A4F7556}") = "R5T.F0059", "..\..\R5T.F0059\source\R5T.F0059\R5T.F0059.csproj", "{574AE3AB-87F8-478E-A913-7F8157C482D6}"
EndProject
Project("{9A19103F-16F7-4668-BE54-9A1E7A4F7556}") = "R5T.F0120", "..\..\R5T.F0120\source\R5T.F0120\R5T.F0120.csproj", "{17A666DC-55EF-474F-8115-5108A8355534}"
EndProject
Project("{9A19103F-16F7-4668-BE54-9A1E7A4F7556}") = "R5T.F0121", "..\..\R5T.F0121\source\R5T.F0121\R5T.F0121.csproj", "{F668CFFD-6D8C-4B19-8B46-1239888AEE25}"
EndProject
Project("{9A19103F-16F7-4668-BE54-9A1E7A4F7556}") = "R5T.F0124", "..\..\R5T.F0124\source\R5T.F0124\R5T.F0124.csproj", "{2B243126-4312-49B1-B2C0-C04DD45AC83B}"
EndProject
Project("{9A19103F-16F7-4668-BE54-9A1E7A4F7556}") = "R5T.L0053", "..\..\R5T.L0053\source\R5T.L0053\R5T.L0053.csproj", "{9B7BA0F1-D390-4002-BC3E-D769BC29004C}"
EndProject
Project("{9A19103F-16F7-4668-BE54-9A1E7A4F7556}") = "R5T.L0056", "..\..\R5T.L0056\source\R5T.L0056\R5T.L0056.csproj", "{3C0BD0D1-0A8D-48B2-99FA-4F8B07C24CB6}"
EndProject
Project("{9A19103F-16F7-4668-BE54-9A1E7A4F7556}") = "R5T.L0062.F000", "..\..\R5T.L0062\source\R5T.L0062.F000\R5T.L0062.F000.csproj", "{5EF585AF-49C2-4A70-8FD5-08B46BCE98D2}"
EndProject
Project("{9A19103F-16F7-4668-BE54-9A1E7A4F7556}") = "R5T.L0062.F001", "..\..\R5T.L0062\source\R5T.L0062.F001\R5T.L0062.F001.csproj", "{6B12E8B3-02F8-4866-9D3E-D83995645707}"
EndProject
Project("{9A19103F-16F7-4668-BE54-9A1E7A4F7556}") = "R5T.L0062.L001", "..\..\R5T.L0062\source\R5T.L0062.L001\R5T.L0062.L001.csproj", "{CA0D4503-57E3-4640-91B3-EA3253D6D6BC}"
EndProject
Project("{9A19103F-16F7-4668-BE54-9A1E7A4F7556}") = "R5T.L0062.T000", "..\..\R5T.L0062\source\R5T.L0062.T000\R5T.L0062.T000.csproj", "{40DC9951-D7BE-4EDF-92E8-10E3284524BC}"
EndProject
Project("{9A19103F-16F7-4668-BE54-9A1E7A4F7556}") = "R5T.L0062.Z000", "..\..\R5T.L0062\source\R5T.L0062.Z000\R5T.L0062.Z000.csproj", "{7BE8CC45-F4CA-496D-869A-93CBDF9FB07B}"
EndProject
Project("{9A19103F-16F7-4668-BE54-9A1E7A4F7556}") = "R5T.L0063.F000", "..\..\R5T.L0063\source\R5T.L0063.F000\R5T.L0063.F000.csproj", "{0E82F468-54DC-4D3A-8477-9B42B76D01DD}"
EndProject
Project("{9A19103F-16F7-4668-BE54-9A1E7A4F7556}") = "R5T.L0063.T000", "..\..\R5T.L0063\source\R5T.L0063.T000\R5T.L0063.T000.csproj", "{2BC6068E-F6C5-43DF-9A61-6BAD43BBA5E3}"
EndProject
Project("{9A19103F-16F7-4668-BE54-9A1E7A4F7556}") = "R5T.L0063.Z000", "..\..\R5T.L0063\source\R5T.L0063.Z000\R5T.L0063.Z000.csproj", "{3494C198-9AFE-4BFF-83ED-3281A3FEBE97}"
EndProject
Project("{9A19103F-16F7-4668-BE54-9A1E7A4F7556}") = "R5T.L0065.F000", "..\..\R5T.L0065\source\R5T.L0065.F000\R5T.L0065.F000.csproj", "{1A8A36A4-53D0-4BA0-857F-E7EAAECA3097}"
EndProject
Project("{9A19103F-16F7-4668-BE54-9A1E7A4F7556}") = "R5T.L0065.F001", "..\..\R5T.L0065\source\R5T.L0065.F001\R5T.L0065.F001.csproj", "{E00909C8-C67E-464C-9D3B-729EDAC426DB}"
EndProject
Project("{9A19103F-16F7-4668-BE54-9A1E7A4F7556}") = "R5T.L0065.F002", "..\..\R5T.L0065\source\R5T.L0065.F002\R5T.L0065.F002.csproj", "{C7D40C89-91C6-4736-A491-A431DC4DE08D}"
EndProject
Project("{9A19103F-16F7-4668-BE54-9A1E7A4F7556}") = "R5T.L0065.F003", "..\..\R5T.L0065\source\R5T.L0065.F003\R5T.L0065.F003.csproj", "{1E084E22-CF08-4571-9F8E-62DCE291FF98}"
EndProject
Project("{9A19103F-16F7-4668-BE54-9A1E7A4F7556}") = "R5T.L0065.F004", "..\..\R5T.L0065\source\R5T.L0065.F004\R5T.L0065.F004.csproj", "{C4F67440-62F8-4D24-88F0-0AC554759D2F}"
EndProject
Project("{9A19103F-16F7-4668-BE54-9A1E7A4F7556}") = "R5T.L0065.T000", "..\..\R5T.L0065\source\R5T.L0065.T000\R5T.L0065.T000.csproj", "{F86DF1FB-59C0-4A65-B858-FE8A7380CC90}"
EndProject
Project("{9A19103F-16F7-4668-BE54-9A1E7A4F7556}") = "R5T.L0065", "..\..\R5T.L0065\source\R5T.L0065\R5T.L0065.csproj", "{58BCEC63-E966-4B50-8760-DF0F55D2FA9D}"
EndProject
Project("{9A19103F-16F7-4668-BE54-9A1E7A4F7556}") = "R5T.L0066", "..\..\R5T.L0066\source\R5T.L0066\R5T.L0066.csproj", "{5F8B84B5-8760-4E5B-8C88-4F917EB6B92F}"
EndProject
Project("{9A19103F-16F7-4668-BE54-9A1E7A4F7556}") = "R5T.NG0006", "..\..\R5T.NG0006\source\R5T.NG0006\R5T.NG0006.csproj", "{BBC4C765-9F76-4FBB-B439-A048ED8001CF}"
EndProject
Project("{9A19103F-16F7-4668-BE54-9A1E7A4F7556}") = "R5T.NG0022", "..\..\R5T.NG0022\source\R5T.NG0022\R5T.NG0022.csproj", "{ADA68C0A-56FF-45D8-AB68-2E223B0D5209}"
EndProject
Project("{9A19103F-16F7-4668-BE54-9A1E7A4F7556}") = "R5T.T0150", "..\..\R5T.T0150\source\R5T.T0150\R5T.T0150.csproj", "{14F445CE-AF69-420A-8AEF-98FEE4819543}"
EndProject
Project("{9A19103F-16F7-4668-BE54-9A1E7A4F7556}") = "R5T.T0151", "..\..\R5T.T0151\source\R5T.T0151\R5T.T0151.csproj", "{B1EDEB95-C7B6-4A48-A719-979E06179A81}"
EndProject
Project("{9A19103F-16F7-4668-BE54-9A1E7A4F7556}") = "R5T.T0158", "..\..\R5T.T0158\source\R5T.T0158\R5T.T0158.csproj", "{B45D00B3-64E4-4D39-84EF-DBFBB43C0A42}"
EndProject
Project("{9A19103F-16F7-4668-BE54-9A1E7A4F7556}") = "R5T.T0159", "..\..\R5T.T0159\source\R5T.T0159\R5T.T0159.csproj", "{B4958EBF-F09F-45A8-B5A3-556ABC330765}"
EndProject
Project("{9A19103F-16F7-4668-BE54-9A1E7A4F7556}") = "R5T.T0174", "..\..\R5T.T0174\source\R5T.T0174\R5T.T0174.csproj", "{C0B40A23-5FBC-4BE5-935B-D2BF236C4A70}"
EndProject
Project("{9A19103F-16F7-4668-BE54-9A1E7A4F7556}") = "R5T.T0176", "..\..\R5T.T0176\source\R5T.T0176\R5T.T0176.csproj", "{AED8B725-B725-4563-ABEE-8EA05C812DFA}"
EndProject
Project("{9A19103F-16F7-4668-BE54-9A1E7A4F7556}") = "R5T.T0177", "..\..\R5T.T0177\source\R5T.T0177\R5T.T0177.csproj", "{BF2588D3-69DB-4227-9EB5-F3B306F90CF5}"
EndProject
Project("{9A19103F-16F7-4668-BE54-9A1E7A4F7556}") = "R5T.T0185", "..\..\R5T.T0185\source\R5T.T0185\R5T.T0185.csproj", "{8CD5C824-6544-41A6-9FA6-7E5C01BAAB94}"
EndProject
Project("{9A19103F-16F7-4668-BE54-9A1E7A4F7556}") = "R5T.T0199", "..\..\R5T.T0199\source\R5T.T0199\R5T.T0199.csproj", "{127756EC-6455-4667-BD08-4D427135BCB3}"
EndProject
Project("{9A19103F-16F7-4668-BE54-9A1E7A4F7556}") = "R5T.T0213", "..\..\R5T.T0213\source\R5T.T0213\R5T.T0213.csproj", "{B396CFE5-A15F-4AFC-B918-77813ABE59A5}"
EndProject
Project("{9A19103F-16F7-4668-BE54-9A1E7A4F7556}") = "R5T.T0218", "..\..\R5T.T0218\source\R5T.T0218\R5T.T0218.csproj", "{FCDD2298-B957-4155-9644-994E4D17801A}"
EndProject
Project("{9A19103F-16F7-4668-BE54-9A1E7A4F7556}") = "R5T.T0219", "..\..\R5T.T0219\source\R5T.T0219\R5T.T0219.csproj", "{6D7E0078-D3A2-4316-A8B5-4B71D23B1CE2}"
EndProject
Project("{9A19103F-16F7-4668-BE54-9A1E7A4F7556}") = "R5T.T0220", "..\..\R5T.T0220\source\R5T.T0220\R5T.T0220.csproj", "{DD37464D-FE82-408D-BE00-E661EE15353C}"
EndProject
Project("{9A19103F-16F7-4668-BE54-9A1E7A4F7556}") = "R5T.T0221", "..\..\R5T.T0221\source\R5T.T0221\R5T.T0221.csproj", "{3BC09645-33E9-4361-9114-112CF04B48E9}"
EndProject
Project("{9A19103F-16F7-4668-BE54-9A1E7A4F7556}") = "R5T.T0227", "..\..\R5T.T0227\source\R5T.T0227\R5T.T0227.csproj", "{BF4DFB0A-F552-4E5C-9F17-23506169EBC6}"
EndProject
Project("{9A19103F-16F7-4668-BE54-9A1E7A4F7556}") = "R5T.Z0010.Platform", "..\..\R5T.Z0010\source\R5T.Z0010.Platform\R5T.Z0010.Platform.csproj", "{6318FB75-0A38-4502-A53E-F2CFBDD2AE95}"
EndProject
Project("{9A19103F-16F7-4668-BE54-9A1E7A4F7556}") = "R5T.Z0010", "..\..\R5T.Z0010\source\R5T.Z0010\R5T.Z0010.csproj", "{8831BF8D-0683-4D06-BE5E-4820D0BE44E8}"
EndProject
Project("{9A19103F-16F7-4668-BE54-9A1E7A4F7556}") = "R5T.Z0057.Platform", "..\..\R5T.Z0057\source\R5T.Z0057.Platform\R5T.Z0057.Platform.csproj", "{26C91988-E5F0-4F13-9A8E-835AAC96B7FB}"
EndProject
Project("{9A19103F-16F7-4668-BE54-9A1E7A4F7556}") = "R5T.Z0057", "..\..\R5T.Z0057\source\R5T.Z0057\R5T.Z0057.csproj", "{EF458487-6FAD-4A1E-BBDA-73A15A6E7BAE}"
EndProject
Project("{9A19103F-16F7-4668-BE54-9A1E7A4F7556}") = "R5T.Z0058", "..\..\R5T.Z0058\source\R5T.Z0058\R5T.Z0058.csproj", "{6CF27015-4AA1-4AE9-A80F-05BE89F74E23}"
EndProject
Project("{9A19103F-16F7-4668-BE54-9A1E7A4F7556}") = "R5T.L0030.T000", "..\..\R5T.L0030\source\R5T.L0030.T000\R5T.L0030.T000.csproj", "{1FDD7002-9E02-4875-A98B-3F1BDD932F4D}"
EndProject
Project("{9A19103F-16F7-4668-BE54-9A1E7A4F7556}") = "R5T.L0071", "..\..\R5T.L0071\source\R5T.L0071\R5T.L0071.csproj", "{4D09ACBA-7A1C-4367-9134-85BDBA984F25}"
EndProject
Project("{9A19103F-16F7-4668-BE54-9A1E7A4F7556}") = "R5T.T0199.T000", "..\..\R5T.T0199\source\R5T.T0199.T000\R5T.T0199.T000.csproj", "{34EE738D-09D9-4780-94A8-1FA7B58D83A4}"
EndProject
Project("{9A19103F-16F7-4668-BE54-9A1E7A4F7556}") = "R5T.T0199.T001", "..\..\R5T.T0199\source\R5T.T0199.T001\R5T.T0199.T001.csproj", "{E00129B1-1BDF-4105-8BBC-950E9E2CA1F4}"
EndProject
Project("{9A19103F-16F7-4668-BE54-9A1E7A4F7556}") = "R5T.T0203", "..\..\R5T.T0203\source\R5T.T0203\R5T.T0203.csproj", "{CAC319BE-AD25-408D-B8CF-57B4F0A2B3A6}"
EndProject
Project("{9A19103F-16F7-4668-BE54-9A1E7A4F7556}") = "R5T.Y0006", "..\..\R5T.Y0006\source\R5T.Y0006\R5T.Y0006.csproj", "{A33D9B4D-E9B4-41C3-9B42-E509AF6CB2AE}"
EndProject
Global
	GlobalSection(NestedProjects) = preSolution
		{5C27C040-5664-461E-974B-D67F723DE19D} = {7A71EA26-39E5-4B14-B50B-523A76ED984C}
		{BB0DE5A4-1E8B-40E3-BA00-A61EDC3CD939} = {7A71EA26-39E5-4B14-B50B-523A76ED984C}
		{FA45B657-52E6-4D26-A1EC-1A5F6C6EF8E9} = {7A71EA26-39E5-4B14-B50B-523A76ED984C}
		{5F84813A-B88B-4F22-AB71-3FDE417A723D} = {7A71EA26-39E5-4B14-B50B-523A76ED984C}
		{2D9A48FC-1D67-43CF-9143-7379E0E4E42B} = {7A71EA26-39E5-4B14-B50B-523A76ED984C}
		{96A15E55-31AE-4379-BD72-D00E70FAACC4} = {7A71EA26-39E5-4B14-B50B-523A76ED984C}
		{435CADD3-1F65-4860-9E24-4AD9C6C3A71C} = {7A71EA26-39E5-4B14-B50B-523A76ED984C}
		{82FE9F7B-5792-4174-BBD6-65E96DEE6B65} = {7A71EA26-39E5-4B14-B50B-523A76ED984C}
		{82F7DFA9-E0AB-4D74-9094-542794DF6D16} = {7A71EA26-39E5-4B14-B50B-523A76ED984C}
		{AD590C83-AC8E-42AA-B0F1-B8B60E60F084} = {7A71EA26-39E5-4B14-B50B-523A76ED984C}
		{8098470B-73C7-462E-AA02-CDF53BEEECA4} = {7A71EA26-39E5-4B14-B50B-523A76ED984C}
		{4A078B1A-3B3F-4FBD-9ADB-31EDDE6BADDE} = {7A71EA26-39E5-4B14-B50B-523A76ED984C}
		{714EA73E-CD44-4533-A41D-32B313E1B9DD} = {7A71EA26-39E5-4B14-B50B-523A76ED984C}
		{83372CC5-2082-4D66-8878-78605C7CEF0E} = {7A71EA26-39E5-4B14-B50B-523A76ED984C}
		{76D14E3C-2C0A-4636-92DE-88D09A698AE0} = {7A71EA26-39E5-4B14-B50B-523A76ED984C}
		{3DBC85FB-10EC-4F04-AF0E-4433E5ADA371} = {7A71EA26-39E5-4B14-B50B-523A76ED984C}
		{DD7D92FE-5058-4440-A67F-512F22951BAE} = {7A71EA26-39E5-4B14-B50B-523A76ED984C}
		{B3BEE2C4-52E5-4E4B-B096-F18493A3EF65} = {7A71EA26-39E5-4B14-B50B-523A76ED984C}
		{4BBD482C-A7BE-423B-80BD-0860C5BA8F3C} = {7A71EA26-39E5-4B14-B50B-523A76ED984C}
		{8B0B6138-695B-45E5-8C4B-43D76A34C01B} = {7A71EA26-39E5-4B14-B50B-523A76ED984C}
		{42613D19-1468-406F-8DF6-4EEEF1D861FE} = {7A71EA26-39E5-4B14-B50B-523A76ED984C}
		{97149AC3-74CD-4F99-B457-448BF04FFDDD} = {7A71EA26-39E5-4B14-B50B-523A76ED984C}
		{932C22C3-578C-40F5-A56F-E4C256D73ABF} = {7A71EA26-39E5-4B14-B50B-523A76ED984C}
		{52BE8184-4850-4062-9DBF-2ED6ED04F5B8} = {7A71EA26-39E5-4B14-B50B-523A76ED984C}
		{01CB1685-F188-48AA-B7A5-A500A05BAE4B} = {7A71EA26-39E5-4B14-B50B-523A76ED984C}
		{88C1596E-12A0-4162-BA13-596CA6D44B22} = {7A71EA26-39E5-4B14-B50B-523A76ED984C}
		{08C83802-D6C8-4C1A-95D7-E8CBD02FDB79} = {7A71EA26-39E5-4B14-B50B-523A76ED984C}
		{F71A471B-4423-4A6B-A4C8-9A2AD45DDB18} = {7A71EA26-39E5-4B14-B50B-523A76ED984C}
		{574AE3AB-87F8-478E-A913-7F8157C482D6} = {7A71EA26-39E5-4B14-B50B-523A76ED984C}
		{17A666DC-55EF-474F-8115-5108A8355534} = {7A71EA26-39E5-4B14-B50B-523A76ED984C}
		{F668CFFD-6D8C-4B19-8B46-1239888AEE25} = {7A71EA26-39E5-4B14-B50B-523A76ED984C}
		{2B243126-4312-49B1-B2C0-C04DD45AC83B} = {7A71EA26-39E5-4B14-B50B-523A76ED984C}
		{9B7BA0F1-D390-4002-BC3E-D769BC29004C} = {7A71EA26-39E5-4B14-B50B-523A76ED984C}
		{3C0BD0D1-0A8D-48B2-99FA-4F8B07C24CB6} = {7A71EA26-39E5-4B14-B50B-523A76ED984C}
		{5EF585AF-49C2-4A70-8FD5-08B46BCE98D2} = {7A71EA26-39E5-4B14-B50B-523A76ED984C}
		{6B12E8B3-02F8-4866-9D3E-D83995645707} = {7A71EA26-39E5-4B14-B50B-523A76ED984C}
		{CA0D4503-57E3-4640-91B3-EA3253D6D6BC} = {7A71EA26-39E5-4B14-B50B-523A76ED984C}
		{40DC9951-D7BE-4EDF-92E8-10E3284524BC} = {7A71EA26-39E5-4B14-B50B-523A76ED984C}
		{7BE8CC45-F4CA-496D-869A-93CBDF9FB07B} = {7A71EA26-39E5-4B14-B50B-523A76ED984C}
		{0E82F468-54DC-4D3A-8477-9B42B76D01DD} = {7A71EA26-39E5-4B14-B50B-523A76ED984C}
		{2BC6068E-F6C5-43DF-9A61-6BAD43BBA5E3} = {7A71EA26-39E5-4B14-B50B-523A76ED984C}
		{3494C198-9AFE-4BFF-83ED-3281A3FEBE97} = {7A71EA26-39E5-4B14-B50B-523A76ED984C}
		{1A8A36A4-53D0-4BA0-857F-E7EAAECA3097} = {7A71EA26-39E5-4B14-B50B-523A76ED984C}
		{E00909C8-C67E-464C-9D3B-729EDAC426DB} = {7A71EA26-39E5-4B14-B50B-523A76ED984C}
		{C7D40C89-91C6-4736-A491-A431DC4DE08D} = {7A71EA26-39E5-4B14-B50B-523A76ED984C}
		{1E084E22-CF08-4571-9F8E-62DCE291FF98} = {7A71EA26-39E5-4B14-B50B-523A76ED984C}
		{C4F67440-62F8-4D24-88F0-0AC554759D2F} = {7A71EA26-39E5-4B14-B50B-523A76ED984C}
		{F86DF1FB-59C0-4A65-B858-FE8A7380CC90} = {7A71EA26-39E5-4B14-B50B-523A76ED984C}
		{58BCEC63-E966-4B50-8760-DF0F55D2FA9D} = {7A71EA26-39E5-4B14-B50B-523A76ED984C}
		{5F8B84B5-8760-4E5B-8C88-4F917EB6B92F} = {7A71EA26-39E5-4B14-B50B-523A76ED984C}
		{BBC4C765-9F76-4FBB-B439-A048ED8001CF} = {7A71EA26-39E5-4B14-B50B-523A76ED984C}
		{ADA68C0A-56FF-45D8-AB68-2E223B0D5209} = {7A71EA26-39E5-4B14-B50B-523A76ED984C}
		{14F445CE-AF69-420A-8AEF-98FEE4819543} = {7A71EA26-39E5-4B14-B50B-523A76ED984C}
		{B1EDEB95-C7B6-4A48-A719-979E06179A81} = {7A71EA26-39E5-4B14-B50B-523A76ED984C}
		{B45D00B3-64E4-4D39-84EF-DBFBB43C0A42} = {7A71EA26-39E5-4B14-B50B-523A76ED984C}
		{B4958EBF-F09F-45A8-B5A3-556ABC330765} = {7A71EA26-39E5-4B14-B50B-523A76ED984C}
		{C0B40A23-5FBC-4BE5-935B-D2BF236C4A70} = {7A71EA26-39E5-4B14-B50B-523A76ED984C}
		{AED8B725-B725-4563-ABEE-8EA05C812DFA} = {7A71EA26-39E5-4B14-B50B-523A76ED984C}
		{BF2588D3-69DB-4227-9EB5-F3B306F90CF5} = {7A71EA26-39E5-4B14-B50B-523A76ED984C}
		{8CD5C824-6544-41A6-9FA6-7E5C01BAAB94} = {7A71EA26-39E5-4B14-B50B-523A76ED984C}
		{127756EC-6455-4667-BD08-4D427135BCB3} = {7A71EA26-39E5-4B14-B50B-523A76ED984C}
		{B396CFE5-A15F-4AFC-B918-77813ABE59A5} = {7A71EA26-39E5-4B14-B50B-523A76ED984C}
		{FCDD2298-B957-4155-9644-994E4D17801A} = {7A71EA26-39E5-4B14-B50B-523A76ED984C}
		{6D7E0078-D3A2-4316-A8B5-4B71D23B1CE2} = {7A71EA26-39E5-4B14-B50B-523A76ED984C}
		{DD37464D-FE82-408D-BE00-E661EE15353C} = {7A71EA26-39E5-4B14-B50B-523A76ED984C}
		{3BC09645-33E9-4361-9114-112CF04B48E9} = {7A71EA26-39E5-4B14-B50B-523A76ED984C}
		{BF4DFB0A-F552-4E5C-9F17-23506169EBC6} = {7A71EA26-39E5-4B14-B50B-523A76ED984C}
		{6318FB75-0A38-4502-A53E-F2CFBDD2AE95} = {7A71EA26-39E5-4B14-B50B-523A76ED984C}
		{8831BF8D-0683-4D06-BE5E-4820D0BE44E8} = {7A71EA26-39E5-4B14-B50B-523A76ED984C}
		{26C91988-E5F0-4F13-9A8E-835AAC96B7FB} = {7A71EA26-39E5-4B14-B50B-523A76ED984C}
		{EF458487-6FAD-4A1E-BBDA-73A15A6E7BAE} = {7A71EA26-39E5-4B14-B50B-523A76ED984C}
		{6CF27015-4AA1-4AE9-A80F-05BE89F74E23} = {7A71EA26-39E5-4B14-B50B-523A76ED984C}
		{1FDD7002-9E02-4875-A98B-3F1BDD932F4D} = {7A71EA26-39E5-4B14-B50B-523A76ED984C}
		{4D09ACBA-7A1C-4367-9134-85BDBA984F25} = {7A71EA26-39E5-4B14-B50B-523A76ED984C}
		{34EE738D-09D9-4780-94A8-1FA7B58D83A4} = {7A71EA26-39E5-4B14-B50B-523A76ED984C}
		{E00129B1-1BDF-4105-8BBC-950E9E2CA1F4} = {7A71EA26-39E5-4B14-B50B-523A76ED984C}
		{CAC319BE-AD25-408D-B8CF-57B4F0A2B3A6} = {7A71EA26-39E5-4B14-B50B-523A76ED984C}
		{A33D9B4D-E9B4-41C3-9B42-E509AF6CB2AE} = {7A71EA26-39E5-4B14-B50B-523A76ED984C}
	EndGlobalSection
	GlobalSection(SolutionConfigurationPlatforms) = preSolution
		Debug|Any CPU = Debug|Any CPU
		Release|Any CPU = Release|Any CPU
	EndGlobalSection
	GlobalSection(ProjectConfigurationPlatforms) = postSolution
		{03B58E09-9320-43AC-B47A-E2097DC300FA}.Debug|Any CPU.ActiveCfg = Debug|Any CPU
		{03B58E09-9320-43AC-B47A-E2097DC300FA}.Debug|Any CPU.Build.0 = Debug|Any CPU
		{03B58E09-9320-43AC-B47A-E2097DC300FA}.Release|Any CPU.ActiveCfg = Release|Any CPU
		{03B58E09-9320-43AC-B47A-E2097DC300FA}.Release|Any CPU.Build.0 = Release|Any CPU
		{5C27C040-5664-461E-974B-D67F723DE19D}.Debug|Any CPU.ActiveCfg = Debug|Any CPU
		{5C27C040-5664-461E-974B-D67F723DE19D}.Debug|Any CPU.Build.0 = Debug|Any CPU
		{5C27C040-5664-461E-974B-D67F723DE19D}.Release|Any CPU.ActiveCfg = Release|Any CPU
		{5C27C040-5664-461E-974B-D67F723DE19D}.Release|Any CPU.Build.0 = Release|Any CPU
		{BB0DE5A4-1E8B-40E3-BA00-A61EDC3CD939}.Debug|Any CPU.ActiveCfg = Debug|Any CPU
		{BB0DE5A4-1E8B-40E3-BA00-A61EDC3CD939}.Debug|Any CPU.Build.0 = Debug|Any CPU
		{BB0DE5A4-1E8B-40E3-BA00-A61EDC3CD939}.Release|Any CPU.ActiveCfg = Release|Any CPU
		{BB0DE5A4-1E8B-40E3-BA00-A61EDC3CD939}.Release|Any CPU.Build.0 = Release|Any CPU
		{FA45B657-52E6-4D26-A1EC-1A5F6C6EF8E9}.Debug|Any CPU.ActiveCfg = Debug|Any CPU
		{FA45B657-52E6-4D26-A1EC-1A5F6C6EF8E9}.Debug|Any CPU.Build.0 = Debug|Any CPU
		{FA45B657-52E6-4D26-A1EC-1A5F6C6EF8E9}.Release|Any CPU.ActiveCfg = Release|Any CPU
		{FA45B657-52E6-4D26-A1EC-1A5F6C6EF8E9}.Release|Any CPU.Build.0 = Release|Any CPU
		{5F84813A-B88B-4F22-AB71-3FDE417A723D}.Debug|Any CPU.ActiveCfg = Debug|Any CPU
		{5F84813A-B88B-4F22-AB71-3FDE417A723D}.Debug|Any CPU.Build.0 = Debug|Any CPU
		{5F84813A-B88B-4F22-AB71-3FDE417A723D}.Release|Any CPU.ActiveCfg = Release|Any CPU
		{5F84813A-B88B-4F22-AB71-3FDE417A723D}.Release|Any CPU.Build.0 = Release|Any CPU
		{2D9A48FC-1D67-43CF-9143-7379E0E4E42B}.Debug|Any CPU.ActiveCfg = Debug|Any CPU
		{2D9A48FC-1D67-43CF-9143-7379E0E4E42B}.Debug|Any CPU.Build.0 = Debug|Any CPU
		{2D9A48FC-1D67-43CF-9143-7379E0E4E42B}.Release|Any CPU.ActiveCfg = Release|Any CPU
		{2D9A48FC-1D67-43CF-9143-7379E0E4E42B}.Release|Any CPU.Build.0 = Release|Any CPU
		{96A15E55-31AE-4379-BD72-D00E70FAACC4}.Debug|Any CPU.ActiveCfg = Debug|Any CPU
		{96A15E55-31AE-4379-BD72-D00E70FAACC4}.Debug|Any CPU.Build.0 = Debug|Any CPU
		{96A15E55-31AE-4379-BD72-D00E70FAACC4}.Release|Any CPU.ActiveCfg = Release|Any CPU
		{96A15E55-31AE-4379-BD72-D00E70FAACC4}.Release|Any CPU.Build.0 = Release|Any CPU
		{435CADD3-1F65-4860-9E24-4AD9C6C3A71C}.Debug|Any CPU.ActiveCfg = Debug|Any CPU
		{435CADD3-1F65-4860-9E24-4AD9C6C3A71C}.Debug|Any CPU.Build.0 = Debug|Any CPU
		{435CADD3-1F65-4860-9E24-4AD9C6C3A71C}.Release|Any CPU.ActiveCfg = Release|Any CPU
		{435CADD3-1F65-4860-9E24-4AD9C6C3A71C}.Release|Any CPU.Build.0 = Release|Any CPU
		{82FE9F7B-5792-4174-BBD6-65E96DEE6B65}.Debug|Any CPU.ActiveCfg = Debug|Any CPU
		{82FE9F7B-5792-4174-BBD6-65E96DEE6B65}.Debug|Any CPU.Build.0 = Debug|Any CPU
		{82FE9F7B-5792-4174-BBD6-65E96DEE6B65}.Release|Any CPU.ActiveCfg = Release|Any CPU
		{82FE9F7B-5792-4174-BBD6-65E96DEE6B65}.Release|Any CPU.Build.0 = Release|Any CPU
		{82F7DFA9-E0AB-4D74-9094-542794DF6D16}.Debug|Any CPU.ActiveCfg = Debug|Any CPU
		{82F7DFA9-E0AB-4D74-9094-542794DF6D16}.Debug|Any CPU.Build.0 = Debug|Any CPU
		{82F7DFA9-E0AB-4D74-9094-542794DF6D16}.Release|Any CPU.ActiveCfg = Release|Any CPU
		{82F7DFA9-E0AB-4D74-9094-542794DF6D16}.Release|Any CPU.Build.0 = Release|Any CPU
		{AD590C83-AC8E-42AA-B0F1-B8B60E60F084}.Debug|Any CPU.ActiveCfg = Debug|Any CPU
		{AD590C83-AC8E-42AA-B0F1-B8B60E60F084}.Debug|Any CPU.Build.0 = Debug|Any CPU
		{AD590C83-AC8E-42AA-B0F1-B8B60E60F084}.Release|Any CPU.ActiveCfg = Release|Any CPU
		{AD590C83-AC8E-42AA-B0F1-B8B60E60F084}.Release|Any CPU.Build.0 = Release|Any CPU
		{8098470B-73C7-462E-AA02-CDF53BEEECA4}.Debug|Any CPU.ActiveCfg = Debug|Any CPU
		{8098470B-73C7-462E-AA02-CDF53BEEECA4}.Debug|Any CPU.Build.0 = Debug|Any CPU
		{8098470B-73C7-462E-AA02-CDF53BEEECA4}.Release|Any CPU.ActiveCfg = Release|Any CPU
		{8098470B-73C7-462E-AA02-CDF53BEEECA4}.Release|Any CPU.Build.0 = Release|Any CPU
		{4A078B1A-3B3F-4FBD-9ADB-31EDDE6BADDE}.Debug|Any CPU.ActiveCfg = Debug|Any CPU
		{4A078B1A-3B3F-4FBD-9ADB-31EDDE6BADDE}.Debug|Any CPU.Build.0 = Debug|Any CPU
		{4A078B1A-3B3F-4FBD-9ADB-31EDDE6BADDE}.Release|Any CPU.ActiveCfg = Release|Any CPU
		{4A078B1A-3B3F-4FBD-9ADB-31EDDE6BADDE}.Release|Any CPU.Build.0 = Release|Any CPU
		{714EA73E-CD44-4533-A41D-32B313E1B9DD}.Debug|Any CPU.ActiveCfg = Debug|Any CPU
		{714EA73E-CD44-4533-A41D-32B313E1B9DD}.Debug|Any CPU.Build.0 = Debug|Any CPU
		{714EA73E-CD44-4533-A41D-32B313E1B9DD}.Release|Any CPU.ActiveCfg = Release|Any CPU
		{714EA73E-CD44-4533-A41D-32B313E1B9DD}.Release|Any CPU.Build.0 = Release|Any CPU
		{83372CC5-2082-4D66-8878-78605C7CEF0E}.Debug|Any CPU.ActiveCfg = Debug|Any CPU
		{83372CC5-2082-4D66-8878-78605C7CEF0E}.Debug|Any CPU.Build.0 = Debug|Any CPU
		{83372CC5-2082-4D66-8878-78605C7CEF0E}.Release|Any CPU.ActiveCfg = Release|Any CPU
		{83372CC5-2082-4D66-8878-78605C7CEF0E}.Release|Any CPU.Build.0 = Release|Any CPU
		{76D14E3C-2C0A-4636-92DE-88D09A698AE0}.Debug|Any CPU.ActiveCfg = Debug|Any CPU
		{76D14E3C-2C0A-4636-92DE-88D09A698AE0}.Debug|Any CPU.Build.0 = Debug|Any CPU
		{76D14E3C-2C0A-4636-92DE-88D09A698AE0}.Release|Any CPU.ActiveCfg = Release|Any CPU
		{76D14E3C-2C0A-4636-92DE-88D09A698AE0}.Release|Any CPU.Build.0 = Release|Any CPU
		{3DBC85FB-10EC-4F04-AF0E-4433E5ADA371}.Debug|Any CPU.ActiveCfg = Debug|Any CPU
		{3DBC85FB-10EC-4F04-AF0E-4433E5ADA371}.Debug|Any CPU.Build.0 = Debug|Any CPU
		{3DBC85FB-10EC-4F04-AF0E-4433E5ADA371}.Release|Any CPU.ActiveCfg = Release|Any CPU
		{3DBC85FB-10EC-4F04-AF0E-4433E5ADA371}.Release|Any CPU.Build.0 = Release|Any CPU
		{DD7D92FE-5058-4440-A67F-512F22951BAE}.Debug|Any CPU.ActiveCfg = Debug|Any CPU
		{DD7D92FE-5058-4440-A67F-512F22951BAE}.Debug|Any CPU.Build.0 = Debug|Any CPU
		{DD7D92FE-5058-4440-A67F-512F22951BAE}.Release|Any CPU.ActiveCfg = Release|Any CPU
		{DD7D92FE-5058-4440-A67F-512F22951BAE}.Release|Any CPU.Build.0 = Release|Any CPU
		{B3BEE2C4-52E5-4E4B-B096-F18493A3EF65}.Debug|Any CPU.ActiveCfg = Debug|Any CPU
		{B3BEE2C4-52E5-4E4B-B096-F18493A3EF65}.Debug|Any CPU.Build.0 = Debug|Any CPU
		{B3BEE2C4-52E5-4E4B-B096-F18493A3EF65}.Release|Any CPU.ActiveCfg = Release|Any CPU
		{B3BEE2C4-52E5-4E4B-B096-F18493A3EF65}.Release|Any CPU.Build.0 = Release|Any CPU
		{4BBD482C-A7BE-423B-80BD-0860C5BA8F3C}.Debug|Any CPU.ActiveCfg = Debug|Any CPU
		{4BBD482C-A7BE-423B-80BD-0860C5BA8F3C}.Debug|Any CPU.Build.0 = Debug|Any CPU
		{4BBD482C-A7BE-423B-80BD-0860C5BA8F3C}.Release|Any CPU.ActiveCfg = Release|Any CPU
		{4BBD482C-A7BE-423B-80BD-0860C5BA8F3C}.Release|Any CPU.Build.0 = Release|Any CPU
		{8B0B6138-695B-45E5-8C4B-43D76A34C01B}.Debug|Any CPU.ActiveCfg = Debug|Any CPU
		{8B0B6138-695B-45E5-8C4B-43D76A34C01B}.Debug|Any CPU.Build.0 = Debug|Any CPU
		{8B0B6138-695B-45E5-8C4B-43D76A34C01B}.Release|Any CPU.ActiveCfg = Release|Any CPU
		{8B0B6138-695B-45E5-8C4B-43D76A34C01B}.Release|Any CPU.Build.0 = Release|Any CPU
		{42613D19-1468-406F-8DF6-4EEEF1D861FE}.Debug|Any CPU.ActiveCfg = Debug|Any CPU
		{42613D19-1468-406F-8DF6-4EEEF1D861FE}.Debug|Any CPU.Build.0 = Debug|Any CPU
		{42613D19-1468-406F-8DF6-4EEEF1D861FE}.Release|Any CPU.ActiveCfg = Release|Any CPU
		{42613D19-1468-406F-8DF6-4EEEF1D861FE}.Release|Any CPU.Build.0 = Release|Any CPU
		{97149AC3-74CD-4F99-B457-448BF04FFDDD}.Debug|Any CPU.ActiveCfg = Debug|Any CPU
		{97149AC3-74CD-4F99-B457-448BF04FFDDD}.Debug|Any CPU.Build.0 = Debug|Any CPU
		{97149AC3-74CD-4F99-B457-448BF04FFDDD}.Release|Any CPU.ActiveCfg = Release|Any CPU
		{97149AC3-74CD-4F99-B457-448BF04FFDDD}.Release|Any CPU.Build.0 = Release|Any CPU
		{932C22C3-578C-40F5-A56F-E4C256D73ABF}.Debug|Any CPU.ActiveCfg = Debug|Any CPU
		{932C22C3-578C-40F5-A56F-E4C256D73ABF}.Debug|Any CPU.Build.0 = Debug|Any CPU
		{932C22C3-578C-40F5-A56F-E4C256D73ABF}.Release|Any CPU.ActiveCfg = Release|Any CPU
		{932C22C3-578C-40F5-A56F-E4C256D73ABF}.Release|Any CPU.Build.0 = Release|Any CPU
		{52BE8184-4850-4062-9DBF-2ED6ED04F5B8}.Debug|Any CPU.ActiveCfg = Debug|Any CPU
		{52BE8184-4850-4062-9DBF-2ED6ED04F5B8}.Debug|Any CPU.Build.0 = Debug|Any CPU
		{52BE8184-4850-4062-9DBF-2ED6ED04F5B8}.Release|Any CPU.ActiveCfg = Release|Any CPU
		{52BE8184-4850-4062-9DBF-2ED6ED04F5B8}.Release|Any CPU.Build.0 = Release|Any CPU
		{01CB1685-F188-48AA-B7A5-A500A05BAE4B}.Debug|Any CPU.ActiveCfg = Debug|Any CPU
		{01CB1685-F188-48AA-B7A5-A500A05BAE4B}.Debug|Any CPU.Build.0 = Debug|Any CPU
		{01CB1685-F188-48AA-B7A5-A500A05BAE4B}.Release|Any CPU.ActiveCfg = Release|Any CPU
		{01CB1685-F188-48AA-B7A5-A500A05BAE4B}.Release|Any CPU.Build.0 = Release|Any CPU
		{88C1596E-12A0-4162-BA13-596CA6D44B22}.Debug|Any CPU.ActiveCfg = Debug|Any CPU
		{88C1596E-12A0-4162-BA13-596CA6D44B22}.Debug|Any CPU.Build.0 = Debug|Any CPU
		{88C1596E-12A0-4162-BA13-596CA6D44B22}.Release|Any CPU.ActiveCfg = Release|Any CPU
		{88C1596E-12A0-4162-BA13-596CA6D44B22}.Release|Any CPU.Build.0 = Release|Any CPU
		{08C83802-D6C8-4C1A-95D7-E8CBD02FDB79}.Debug|Any CPU.ActiveCfg = Debug|Any CPU
		{08C83802-D6C8-4C1A-95D7-E8CBD02FDB79}.Debug|Any CPU.Build.0 = Debug|Any CPU
		{08C83802-D6C8-4C1A-95D7-E8CBD02FDB79}.Release|Any CPU.ActiveCfg = Release|Any CPU
		{08C83802-D6C8-4C1A-95D7-E8CBD02FDB79}.Release|Any CPU.Build.0 = Release|Any CPU
		{F71A471B-4423-4A6B-A4C8-9A2AD45DDB18}.Debug|Any CPU.ActiveCfg = Debug|Any CPU
		{F71A471B-4423-4A6B-A4C8-9A2AD45DDB18}.Debug|Any CPU.Build.0 = Debug|Any CPU
		{F71A471B-4423-4A6B-A4C8-9A2AD45DDB18}.Release|Any CPU.ActiveCfg = Release|Any CPU
		{F71A471B-4423-4A6B-A4C8-9A2AD45DDB18}.Release|Any CPU.Build.0 = Release|Any CPU
		{574AE3AB-87F8-478E-A913-7F8157C482D6}.Debug|Any CPU.ActiveCfg = Debug|Any CPU
		{574AE3AB-87F8-478E-A913-7F8157C482D6}.Debug|Any CPU.Build.0 = Debug|Any CPU
		{574AE3AB-87F8-478E-A913-7F8157C482D6}.Release|Any CPU.ActiveCfg = Release|Any CPU
		{574AE3AB-87F8-478E-A913-7F8157C482D6}.Release|Any CPU.Build.0 = Release|Any CPU
		{17A666DC-55EF-474F-8115-5108A8355534}.Debug|Any CPU.ActiveCfg = Debug|Any CPU
		{17A666DC-55EF-474F-8115-5108A8355534}.Debug|Any CPU.Build.0 = Debug|Any CPU
		{17A666DC-55EF-474F-8115-5108A8355534}.Release|Any CPU.ActiveCfg = Release|Any CPU
		{17A666DC-55EF-474F-8115-5108A8355534}.Release|Any CPU.Build.0 = Release|Any CPU
		{F668CFFD-6D8C-4B19-8B46-1239888AEE25}.Debug|Any CPU.ActiveCfg = Debug|Any CPU
		{F668CFFD-6D8C-4B19-8B46-1239888AEE25}.Debug|Any CPU.Build.0 = Debug|Any CPU
		{F668CFFD-6D8C-4B19-8B46-1239888AEE25}.Release|Any CPU.ActiveCfg = Release|Any CPU
		{F668CFFD-6D8C-4B19-8B46-1239888AEE25}.Release|Any CPU.Build.0 = Release|Any CPU
		{2B243126-4312-49B1-B2C0-C04DD45AC83B}.Debug|Any CPU.ActiveCfg = Debug|Any CPU
		{2B243126-4312-49B1-B2C0-C04DD45AC83B}.Debug|Any CPU.Build.0 = Debug|Any CPU
		{2B243126-4312-49B1-B2C0-C04DD45AC83B}.Release|Any CPU.ActiveCfg = Release|Any CPU
		{2B243126-4312-49B1-B2C0-C04DD45AC83B}.Release|Any CPU.Build.0 = Release|Any CPU
		{9B7BA0F1-D390-4002-BC3E-D769BC29004C}.Debug|Any CPU.ActiveCfg = Debug|Any CPU
		{9B7BA0F1-D390-4002-BC3E-D769BC29004C}.Debug|Any CPU.Build.0 = Debug|Any CPU
		{9B7BA0F1-D390-4002-BC3E-D769BC29004C}.Release|Any CPU.ActiveCfg = Release|Any CPU
		{9B7BA0F1-D390-4002-BC3E-D769BC29004C}.Release|Any CPU.Build.0 = Release|Any CPU
		{3C0BD0D1-0A8D-48B2-99FA-4F8B07C24CB6}.Debug|Any CPU.ActiveCfg = Debug|Any CPU
		{3C0BD0D1-0A8D-48B2-99FA-4F8B07C24CB6}.Debug|Any CPU.Build.0 = Debug|Any CPU
		{3C0BD0D1-0A8D-48B2-99FA-4F8B07C24CB6}.Release|Any CPU.ActiveCfg = Release|Any CPU
		{3C0BD0D1-0A8D-48B2-99FA-4F8B07C24CB6}.Release|Any CPU.Build.0 = Release|Any CPU
		{5EF585AF-49C2-4A70-8FD5-08B46BCE98D2}.Debug|Any CPU.ActiveCfg = Debug|Any CPU
		{5EF585AF-49C2-4A70-8FD5-08B46BCE98D2}.Debug|Any CPU.Build.0 = Debug|Any CPU
		{5EF585AF-49C2-4A70-8FD5-08B46BCE98D2}.Release|Any CPU.ActiveCfg = Release|Any CPU
		{5EF585AF-49C2-4A70-8FD5-08B46BCE98D2}.Release|Any CPU.Build.0 = Release|Any CPU
		{6B12E8B3-02F8-4866-9D3E-D83995645707}.Debug|Any CPU.ActiveCfg = Debug|Any CPU
		{6B12E8B3-02F8-4866-9D3E-D83995645707}.Debug|Any CPU.Build.0 = Debug|Any CPU
		{6B12E8B3-02F8-4866-9D3E-D83995645707}.Release|Any CPU.ActiveCfg = Release|Any CPU
		{6B12E8B3-02F8-4866-9D3E-D83995645707}.Release|Any CPU.Build.0 = Release|Any CPU
		{CA0D4503-57E3-4640-91B3-EA3253D6D6BC}.Debug|Any CPU.ActiveCfg = Debug|Any CPU
		{CA0D4503-57E3-4640-91B3-EA3253D6D6BC}.Debug|Any CPU.Build.0 = Debug|Any CPU
		{CA0D4503-57E3-4640-91B3-EA3253D6D6BC}.Release|Any CPU.ActiveCfg = Release|Any CPU
		{CA0D4503-57E3-4640-91B3-EA3253D6D6BC}.Release|Any CPU.Build.0 = Release|Any CPU
		{40DC9951-D7BE-4EDF-92E8-10E3284524BC}.Debug|Any CPU.ActiveCfg = Debug|Any CPU
		{40DC9951-D7BE-4EDF-92E8-10E3284524BC}.Debug|Any CPU.Build.0 = Debug|Any CPU
		{40DC9951-D7BE-4EDF-92E8-10E3284524BC}.Release|Any CPU.ActiveCfg = Release|Any CPU
		{40DC9951-D7BE-4EDF-92E8-10E3284524BC}.Release|Any CPU.Build.0 = Release|Any CPU
		{7BE8CC45-F4CA-496D-869A-93CBDF9FB07B}.Debug|Any CPU.ActiveCfg = Debug|Any CPU
		{7BE8CC45-F4CA-496D-869A-93CBDF9FB07B}.Debug|Any CPU.Build.0 = Debug|Any CPU
		{7BE8CC45-F4CA-496D-869A-93CBDF9FB07B}.Release|Any CPU.ActiveCfg = Release|Any CPU
		{7BE8CC45-F4CA-496D-869A-93CBDF9FB07B}.Release|Any CPU.Build.0 = Release|Any CPU
		{0E82F468-54DC-4D3A-8477-9B42B76D01DD}.Debug|Any CPU.ActiveCfg = Debug|Any CPU
		{0E82F468-54DC-4D3A-8477-9B42B76D01DD}.Debug|Any CPU.Build.0 = Debug|Any CPU
		{0E82F468-54DC-4D3A-8477-9B42B76D01DD}.Release|Any CPU.ActiveCfg = Release|Any CPU
		{0E82F468-54DC-4D3A-8477-9B42B76D01DD}.Release|Any CPU.Build.0 = Release|Any CPU
		{2BC6068E-F6C5-43DF-9A61-6BAD43BBA5E3}.Debug|Any CPU.ActiveCfg = Debug|Any CPU
		{2BC6068E-F6C5-43DF-9A61-6BAD43BBA5E3}.Debug|Any CPU.Build.0 = Debug|Any CPU
		{2BC6068E-F6C5-43DF-9A61-6BAD43BBA5E3}.Release|Any CPU.ActiveCfg = Release|Any CPU
		{2BC6068E-F6C5-43DF-9A61-6BAD43BBA5E3}.Release|Any CPU.Build.0 = Release|Any CPU
		{3494C198-9AFE-4BFF-83ED-3281A3FEBE97}.Debug|Any CPU.ActiveCfg = Debug|Any CPU
		{3494C198-9AFE-4BFF-83ED-3281A3FEBE97}.Debug|Any CPU.Build.0 = Debug|Any CPU
		{3494C198-9AFE-4BFF-83ED-3281A3FEBE97}.Release|Any CPU.ActiveCfg = Release|Any CPU
		{3494C198-9AFE-4BFF-83ED-3281A3FEBE97}.Release|Any CPU.Build.0 = Release|Any CPU
		{1A8A36A4-53D0-4BA0-857F-E7EAAECA3097}.Debug|Any CPU.ActiveCfg = Debug|Any CPU
		{1A8A36A4-53D0-4BA0-857F-E7EAAECA3097}.Debug|Any CPU.Build.0 = Debug|Any CPU
		{1A8A36A4-53D0-4BA0-857F-E7EAAECA3097}.Release|Any CPU.ActiveCfg = Release|Any CPU
		{1A8A36A4-53D0-4BA0-857F-E7EAAECA3097}.Release|Any CPU.Build.0 = Release|Any CPU
		{E00909C8-C67E-464C-9D3B-729EDAC426DB}.Debug|Any CPU.ActiveCfg = Debug|Any CPU
		{E00909C8-C67E-464C-9D3B-729EDAC426DB}.Debug|Any CPU.Build.0 = Debug|Any CPU
		{E00909C8-C67E-464C-9D3B-729EDAC426DB}.Release|Any CPU.ActiveCfg = Release|Any CPU
		{E00909C8-C67E-464C-9D3B-729EDAC426DB}.Release|Any CPU.Build.0 = Release|Any CPU
		{C7D40C89-91C6-4736-A491-A431DC4DE08D}.Debug|Any CPU.ActiveCfg = Debug|Any CPU
		{C7D40C89-91C6-4736-A491-A431DC4DE08D}.Debug|Any CPU.Build.0 = Debug|Any CPU
		{C7D40C89-91C6-4736-A491-A431DC4DE08D}.Release|Any CPU.ActiveCfg = Release|Any CPU
		{C7D40C89-91C6-4736-A491-A431DC4DE08D}.Release|Any CPU.Build.0 = Release|Any CPU
		{1E084E22-CF08-4571-9F8E-62DCE291FF98}.Debug|Any CPU.ActiveCfg = Debug|Any CPU
		{1E084E22-CF08-4571-9F8E-62DCE291FF98}.Debug|Any CPU.Build.0 = Debug|Any CPU
		{1E084E22-CF08-4571-9F8E-62DCE291FF98}.Release|Any CPU.ActiveCfg = Release|Any CPU
		{1E084E22-CF08-4571-9F8E-62DCE291FF98}.Release|Any CPU.Build.0 = Release|Any CPU
		{C4F67440-62F8-4D24-88F0-0AC554759D2F}.Debug|Any CPU.ActiveCfg = Debug|Any CPU
		{C4F67440-62F8-4D24-88F0-0AC554759D2F}.Debug|Any CPU.Build.0 = Debug|Any CPU
		{C4F67440-62F8-4D24-88F0-0AC554759D2F}.Release|Any CPU.ActiveCfg = Release|Any CPU
		{C4F67440-62F8-4D24-88F0-0AC554759D2F}.Release|Any CPU.Build.0 = Release|Any CPU
		{F86DF1FB-59C0-4A65-B858-FE8A7380CC90}.Debug|Any CPU.ActiveCfg = Debug|Any CPU
		{F86DF1FB-59C0-4A65-B858-FE8A7380CC90}.Debug|Any CPU.Build.0 = Debug|Any CPU
		{F86DF1FB-59C0-4A65-B858-FE8A7380CC90}.Release|Any CPU.ActiveCfg = Release|Any CPU
		{F86DF1FB-59C0-4A65-B858-FE8A7380CC90}.Release|Any CPU.Build.0 = Release|Any CPU
		{58BCEC63-E966-4B50-8760-DF0F55D2FA9D}.Debug|Any CPU.ActiveCfg = Debug|Any CPU
		{58BCEC63-E966-4B50-8760-DF0F55D2FA9D}.Debug|Any CPU.Build.0 = Debug|Any CPU
		{58BCEC63-E966-4B50-8760-DF0F55D2FA9D}.Release|Any CPU.ActiveCfg = Release|Any CPU
		{58BCEC63-E966-4B50-8760-DF0F55D2FA9D}.Release|Any CPU.Build.0 = Release|Any CPU
		{5F8B84B5-8760-4E5B-8C88-4F917EB6B92F}.Debug|Any CPU.ActiveCfg = Debug|Any CPU
		{5F8B84B5-8760-4E5B-8C88-4F917EB6B92F}.Debug|Any CPU.Build.0 = Debug|Any CPU
		{5F8B84B5-8760-4E5B-8C88-4F917EB6B92F}.Release|Any CPU.ActiveCfg = Release|Any CPU
		{5F8B84B5-8760-4E5B-8C88-4F917EB6B92F}.Release|Any CPU.Build.0 = Release|Any CPU
		{BBC4C765-9F76-4FBB-B439-A048ED8001CF}.Debug|Any CPU.ActiveCfg = Debug|Any CPU
		{BBC4C765-9F76-4FBB-B439-A048ED8001CF}.Debug|Any CPU.Build.0 = Debug|Any CPU
		{BBC4C765-9F76-4FBB-B439-A048ED8001CF}.Release|Any CPU.ActiveCfg = Release|Any CPU
		{BBC4C765-9F76-4FBB-B439-A048ED8001CF}.Release|Any CPU.Build.0 = Release|Any CPU
		{ADA68C0A-56FF-45D8-AB68-2E223B0D5209}.Debug|Any CPU.ActiveCfg = Debug|Any CPU
		{ADA68C0A-56FF-45D8-AB68-2E223B0D5209}.Debug|Any CPU.Build.0 = Debug|Any CPU
		{ADA68C0A-56FF-45D8-AB68-2E223B0D5209}.Release|Any CPU.ActiveCfg = Release|Any CPU
		{ADA68C0A-56FF-45D8-AB68-2E223B0D5209}.Release|Any CPU.Build.0 = Release|Any CPU
		{14F445CE-AF69-420A-8AEF-98FEE4819543}.Debug|Any CPU.ActiveCfg = Debug|Any CPU
		{14F445CE-AF69-420A-8AEF-98FEE4819543}.Debug|Any CPU.Build.0 = Debug|Any CPU
		{14F445CE-AF69-420A-8AEF-98FEE4819543}.Release|Any CPU.ActiveCfg = Release|Any CPU
		{14F445CE-AF69-420A-8AEF-98FEE4819543}.Release|Any CPU.Build.0 = Release|Any CPU
		{B1EDEB95-C7B6-4A48-A719-979E06179A81}.Debug|Any CPU.ActiveCfg = Debug|Any CPU
		{B1EDEB95-C7B6-4A48-A719-979E06179A81}.Debug|Any CPU.Build.0 = Debug|Any CPU
		{B1EDEB95-C7B6-4A48-A719-979E06179A81}.Release|Any CPU.ActiveCfg = Release|Any CPU
		{B1EDEB95-C7B6-4A48-A719-979E06179A81}.Release|Any CPU.Build.0 = Release|Any CPU
		{B45D00B3-64E4-4D39-84EF-DBFBB43C0A42}.Debug|Any CPU.ActiveCfg = Debug|Any CPU
		{B45D00B3-64E4-4D39-84EF-DBFBB43C0A42}.Debug|Any CPU.Build.0 = Debug|Any CPU
		{B45D00B3-64E4-4D39-84EF-DBFBB43C0A42}.Release|Any CPU.ActiveCfg = Release|Any CPU
		{B45D00B3-64E4-4D39-84EF-DBFBB43C0A42}.Release|Any CPU.Build.0 = Release|Any CPU
		{B4958EBF-F09F-45A8-B5A3-556ABC330765}.Debug|Any CPU.ActiveCfg = Debug|Any CPU
		{B4958EBF-F09F-45A8-B5A3-556ABC330765}.Debug|Any CPU.Build.0 = Debug|Any CPU
		{B4958EBF-F09F-45A8-B5A3-556ABC330765}.Release|Any CPU.ActiveCfg = Release|Any CPU
		{B4958EBF-F09F-45A8-B5A3-556ABC330765}.Release|Any CPU.Build.0 = Release|Any CPU
		{C0B40A23-5FBC-4BE5-935B-D2BF236C4A70}.Debug|Any CPU.ActiveCfg = Debug|Any CPU
		{C0B40A23-5FBC-4BE5-935B-D2BF236C4A70}.Debug|Any CPU.Build.0 = Debug|Any CPU
		{C0B40A23-5FBC-4BE5-935B-D2BF236C4A70}.Release|Any CPU.ActiveCfg = Release|Any CPU
		{C0B40A23-5FBC-4BE5-935B-D2BF236C4A70}.Release|Any CPU.Build.0 = Release|Any CPU
		{AED8B725-B725-4563-ABEE-8EA05C812DFA}.Debug|Any CPU.ActiveCfg = Debug|Any CPU
		{AED8B725-B725-4563-ABEE-8EA05C812DFA}.Debug|Any CPU.Build.0 = Debug|Any CPU
		{AED8B725-B725-4563-ABEE-8EA05C812DFA}.Release|Any CPU.ActiveCfg = Release|Any CPU
		{AED8B725-B725-4563-ABEE-8EA05C812DFA}.Release|Any CPU.Build.0 = Release|Any CPU
		{BF2588D3-69DB-4227-9EB5-F3B306F90CF5}.Debug|Any CPU.ActiveCfg = Debug|Any CPU
		{BF2588D3-69DB-4227-9EB5-F3B306F90CF5}.Debug|Any CPU.Build.0 = Debug|Any CPU
		{BF2588D3-69DB-4227-9EB5-F3B306F90CF5}.Release|Any CPU.ActiveCfg = Release|Any CPU
		{BF2588D3-69DB-4227-9EB5-F3B306F90CF5}.Release|Any CPU.Build.0 = Release|Any CPU
		{8CD5C824-6544-41A6-9FA6-7E5C01BAAB94}.Debug|Any CPU.ActiveCfg = Debug|Any CPU
		{8CD5C824-6544-41A6-9FA6-7E5C01BAAB94}.Debug|Any CPU.Build.0 = Debug|Any CPU
		{8CD5C824-6544-41A6-9FA6-7E5C01BAAB94}.Release|Any CPU.ActiveCfg = Release|Any CPU
		{8CD5C824-6544-41A6-9FA6-7E5C01BAAB94}.Release|Any CPU.Build.0 = Release|Any CPU
		{127756EC-6455-4667-BD08-4D427135BCB3}.Debug|Any CPU.ActiveCfg = Debug|Any CPU
		{127756EC-6455-4667-BD08-4D427135BCB3}.Debug|Any CPU.Build.0 = Debug|Any CPU
		{127756EC-6455-4667-BD08-4D427135BCB3}.Release|Any CPU.ActiveCfg = Release|Any CPU
		{127756EC-6455-4667-BD08-4D427135BCB3}.Release|Any CPU.Build.0 = Release|Any CPU
		{B396CFE5-A15F-4AFC-B918-77813ABE59A5}.Debug|Any CPU.ActiveCfg = Debug|Any CPU
		{B396CFE5-A15F-4AFC-B918-77813ABE59A5}.Debug|Any CPU.Build.0 = Debug|Any CPU
		{B396CFE5-A15F-4AFC-B918-77813ABE59A5}.Release|Any CPU.ActiveCfg = Release|Any CPU
		{B396CFE5-A15F-4AFC-B918-77813ABE59A5}.Release|Any CPU.Build.0 = Release|Any CPU
		{FCDD2298-B957-4155-9644-994E4D17801A}.Debug|Any CPU.ActiveCfg = Debug|Any CPU
		{FCDD2298-B957-4155-9644-994E4D17801A}.Debug|Any CPU.Build.0 = Debug|Any CPU
		{FCDD2298-B957-4155-9644-994E4D17801A}.Release|Any CPU.ActiveCfg = Release|Any CPU
		{FCDD2298-B957-4155-9644-994E4D17801A}.Release|Any CPU.Build.0 = Release|Any CPU
		{6D7E0078-D3A2-4316-A8B5-4B71D23B1CE2}.Debug|Any CPU.ActiveCfg = Debug|Any CPU
		{6D7E0078-D3A2-4316-A8B5-4B71D23B1CE2}.Debug|Any CPU.Build.0 = Debug|Any CPU
		{6D7E0078-D3A2-4316-A8B5-4B71D23B1CE2}.Release|Any CPU.ActiveCfg = Release|Any CPU
		{6D7E0078-D3A2-4316-A8B5-4B71D23B1CE2}.Release|Any CPU.Build.0 = Release|Any CPU
		{DD37464D-FE82-408D-BE00-E661EE15353C}.Debug|Any CPU.ActiveCfg = Debug|Any CPU
		{DD37464D-FE82-408D-BE00-E661EE15353C}.Debug|Any CPU.Build.0 = Debug|Any CPU
		{DD37464D-FE82-408D-BE00-E661EE15353C}.Release|Any CPU.ActiveCfg = Release|Any CPU
		{DD37464D-FE82-408D-BE00-E661EE15353C}.Release|Any CPU.Build.0 = Release|Any CPU
		{3BC09645-33E9-4361-9114-112CF04B48E9}.Debug|Any CPU.ActiveCfg = Debug|Any CPU
		{3BC09645-33E9-4361-9114-112CF04B48E9}.Debug|Any CPU.Build.0 = Debug|Any CPU
		{3BC09645-33E9-4361-9114-112CF04B48E9}.Release|Any CPU.ActiveCfg = Release|Any CPU
		{3BC09645-33E9-4361-9114-112CF04B48E9}.Release|Any CPU.Build.0 = Release|Any CPU
		{BF4DFB0A-F552-4E5C-9F17-23506169EBC6}.Debug|Any CPU.ActiveCfg = Debug|Any CPU
		{BF4DFB0A-F552-4E5C-9F17-23506169EBC6}.Debug|Any CPU.Build.0 = Debug|Any CPU
		{BF4DFB0A-F552-4E5C-9F17-23506169EBC6}.Release|Any CPU.ActiveCfg = Release|Any CPU
		{BF4DFB0A-F552-4E5C-9F17-23506169EBC6}.Release|Any CPU.Build.0 = Release|Any CPU
		{6318FB75-0A38-4502-A53E-F2CFBDD2AE95}.Debug|Any CPU.ActiveCfg = Debug|Any CPU
		{6318FB75-0A38-4502-A53E-F2CFBDD2AE95}.Debug|Any CPU.Build.0 = Debug|Any CPU
		{6318FB75-0A38-4502-A53E-F2CFBDD2AE95}.Release|Any CPU.ActiveCfg = Release|Any CPU
		{6318FB75-0A38-4502-A53E-F2CFBDD2AE95}.Release|Any CPU.Build.0 = Release|Any CPU
		{8831BF8D-0683-4D06-BE5E-4820D0BE44E8}.Debug|Any CPU.ActiveCfg = Debug|Any CPU
		{8831BF8D-0683-4D06-BE5E-4820D0BE44E8}.Debug|Any CPU.Build.0 = Debug|Any CPU
		{8831BF8D-0683-4D06-BE5E-4820D0BE44E8}.Release|Any CPU.ActiveCfg = Release|Any CPU
		{8831BF8D-0683-4D06-BE5E-4820D0BE44E8}.Release|Any CPU.Build.0 = Release|Any CPU
		{26C91988-E5F0-4F13-9A8E-835AAC96B7FB}.Debug|Any CPU.ActiveCfg = Debug|Any CPU
		{26C91988-E5F0-4F13-9A8E-835AAC96B7FB}.Debug|Any CPU.Build.0 = Debug|Any CPU
		{26C91988-E5F0-4F13-9A8E-835AAC96B7FB}.Release|Any CPU.ActiveCfg = Release|Any CPU
		{26C91988-E5F0-4F13-9A8E-835AAC96B7FB}.Release|Any CPU.Build.0 = Release|Any CPU
		{EF458487-6FAD-4A1E-BBDA-73A15A6E7BAE}.Debug|Any CPU.ActiveCfg = Debug|Any CPU
		{EF458487-6FAD-4A1E-BBDA-73A15A6E7BAE}.Debug|Any CPU.Build.0 = Debug|Any CPU
		{EF458487-6FAD-4A1E-BBDA-73A15A6E7BAE}.Release|Any CPU.ActiveCfg = Release|Any CPU
		{EF458487-6FAD-4A1E-BBDA-73A15A6E7BAE}.Release|Any CPU.Build.0 = Release|Any CPU
		{6CF27015-4AA1-4AE9-A80F-05BE89F74E23}.Debug|Any CPU.ActiveCfg = Debug|Any CPU
		{6CF27015-4AA1-4AE9-A80F-05BE89F74E23}.Debug|Any CPU.Build.0 = Debug|Any CPU
		{6CF27015-4AA1-4AE9-A80F-05BE89F74E23}.Release|Any CPU.ActiveCfg = Release|Any CPU
		{6CF27015-4AA1-4AE9-A80F-05BE89F74E23}.Release|Any CPU.Build.0 = Release|Any CPU
		{1FDD7002-9E02-4875-A98B-3F1BDD932F4D}.Debug|Any CPU.ActiveCfg = Debug|Any CPU
		{1FDD7002-9E02-4875-A98B-3F1BDD932F4D}.Debug|Any CPU.Build.0 = Debug|Any CPU
		{1FDD7002-9E02-4875-A98B-3F1BDD932F4D}.Release|Any CPU.ActiveCfg = Release|Any CPU
		{1FDD7002-9E02-4875-A98B-3F1BDD932F4D}.Release|Any CPU.Build.0 = Release|Any CPU
		{4D09ACBA-7A1C-4367-9134-85BDBA984F25}.Debug|Any CPU.ActiveCfg = Debug|Any CPU
		{4D09ACBA-7A1C-4367-9134-85BDBA984F25}.Debug|Any CPU.Build.0 = Debug|Any CPU
		{4D09ACBA-7A1C-4367-9134-85BDBA984F25}.Release|Any CPU.ActiveCfg = Release|Any CPU
		{4D09ACBA-7A1C-4367-9134-85BDBA984F25}.Release|Any CPU.Build.0 = Release|Any CPU
		{34EE738D-09D9-4780-94A8-1FA7B58D83A4}.Debug|Any CPU.ActiveCfg = Debug|Any CPU
		{34EE738D-09D9-4780-94A8-1FA7B58D83A4}.Debug|Any CPU.Build.0 = Debug|Any CPU
		{34EE738D-09D9-4780-94A8-1FA7B58D83A4}.Release|Any CPU.ActiveCfg = Release|Any CPU
		{34EE738D-09D9-4780-94A8-1FA7B58D83A4}.Release|Any CPU.Build.0 = Release|Any CPU
		{E00129B1-1BDF-4105-8BBC-950E9E2CA1F4}.Debug|Any CPU.ActiveCfg = Debug|Any CPU
		{E00129B1-1BDF-4105-8BBC-950E9E2CA1F4}.Debug|Any CPU.Build.0 = Debug|Any CPU
		{E00129B1-1BDF-4105-8BBC-950E9E2CA1F4}.Release|Any CPU.ActiveCfg = Release|Any CPU
		{E00129B1-1BDF-4105-8BBC-950E9E2CA1F4}.Release|Any CPU.Build.0 = Release|Any CPU
		{CAC319BE-AD25-408D-B8CF-57B4F0A2B3A6}.Debug|Any CPU.ActiveCfg = Debug|Any CPU
		{CAC319BE-AD25-408D-B8CF-57B4F0A2B3A6}.Debug|Any CPU.Build.0 = Debug|Any CPU
		{CAC319BE-AD25-408D-B8CF-57B4F0A2B3A6}.Release|Any CPU.ActiveCfg = Release|Any CPU
		{CAC319BE-AD25-408D-B8CF-57B4F0A2B3A6}.Release|Any CPU.Build.0 = Release|Any CPU
		{A33D9B4D-E9B4-41C3-9B42-E509AF6CB2AE}.Debug|Any CPU.ActiveCfg = Debug|Any CPU
		{A33D9B4D-E9B4-41C3-9B42-E509AF6CB2AE}.Debug|Any CPU.Build.0 = Debug|Any CPU
		{A33D9B4D-E9B4-41C3-9B42-E509AF6CB2AE}.Release|Any CPU.ActiveCfg = Release|Any CPU
		{A33D9B4D-E9B4-41C3-9B42-E509AF6CB2AE}.Release|Any CPU.Build.0 = Release|Any CPU
	EndGlobalSection
	GlobalSection(SolutionProperties) = preSolution
		HideSolutionNode = FALSE
	EndGlobalSection
	GlobalSection(ExtensibilityGlobals) = postSolution
		SolutionGuid = {7D52548B-1C73-4091-816B-CE52A96CA38F}
	EndGlobalSection
EndGlobal
