
Microsoft Visual Studio Solution File, Format Version 12.00
# Visual Studio Version 17
VisualStudioVersion = 17.2.32630.192
MinimumVisualStudioVersion = 10.0.40219.1
Project("{9A19103F-16F7-4668-BE54-9A1E7A4F7556}") = "R5T.F0119", "R5T.F0119\R5T.F0119.csproj", "{03B58E09-9320-43AC-B47A-E2097DC300FA}"
EndProject
Project("{2150E333-8FDC-42A3-9474-1A3956D46DE8}") = "_Dependencies", "_Dependencies", "{7A71EA26-39E5-4B14-B50B-523A76ED984C}"
EndProject
Project("{9A19103F-16F7-4668-BE54-9A1E7A4F7556}") = "R5T.F0000", "..\..\R5T.F0000\source\R5T.F0000\R5T.F0000.csproj", "{5C27C040-5664-461E-974B-D67F723DE19D}"
EndProject
Project("{9A19103F-16F7-4668-BE54-9A1E7A4F7556}") = "R5T.F0002", "..\..\R5T.F0002\source\R5T.F0002\R5T.F0002.csproj", "{BB0DE5A4-1E8B-40E3-BA00-A61EDC3CD939}"
EndProject
Project("{9A19103F-16F7-4668-BE54-9A1E7A4F7556}") = "R5T.F0017.F002", "..\..\R5T.F0017\source\R5T.F0017.F002\R5T.F0017.F002.csproj", "{FA45B657-52E6-4D26-A1EC-1A5F6C6EF8E9}"
EndProject
Project("{9A19103F-16F7-4668-BE54-9A1E7A4F7556}") = "R5T.F0018", "..\..\R5T.F0018\source\R5T.F0018\R5T.F0018.csproj", "{5F84813A-B88B-4F22-AB71-3FDE417A723D}"
EndProject
Project("{9A19103F-16F7-4668-BE54-9A1E7A4F7556}") = "R5T.F0032", "..\..\R5T.F0032\source\R5T.F0032\R5T.F0032.csproj", "{2D9A48FC-1D67-43CF-9143-7379E0E4E42B}"
EndProject
Project("{9A19103F-16F7-4668-BE54-9A1E7A4F7556}") = "R5T.F0099.T000", "..\..\R5T.F0099\source\R5T.F0099.T000\R5T.F0099.T000.csproj", "{96A15E55-31AE-4379-BD72-D00E70FAACC4}"
EndProject
Project("{9A19103F-16F7-4668-BE54-9A1E7A4F7556}") = "R5T.F0109", "..\..\R5T.F0109\source\R5T.F0109\R5T.F0109.csproj", "{435CADD3-1F65-4860-9E24-4AD9C6C3A71C}"
EndProject
Project("{9A19103F-16F7-4668-BE54-9A1E7A4F7556}") = "R5T.NG0008", "..\..\R5T.NG0008\source\R5T.NG0008\R5T.NG0008.csproj", "{82FE9F7B-5792-4174-BBD6-65E96DEE6B65}"
EndProject
Project("{9A19103F-16F7-4668-BE54-9A1E7A4F7556}") = "R5T.NG0010", "..\..\R5T.NG0010\source\R5T.NG0010\R5T.NG0010.csproj", "{82F7DFA9-E0AB-4D74-9094-542794DF6D16}"
EndProject
Project("{9A19103F-16F7-4668-BE54-9A1E7A4F7556}") = "R5T.T0131", "..\..\R5T.T0131\source\R5T.T0131\R5T.T0131.csproj", "{AD590C83-AC8E-42AA-B0F1-B8B60E60F084}"
EndProject
Project("{9A19103F-16F7-4668-BE54-9A1E7A4F7556}") = "R5T.T0132", "..\..\R5T.T0132\source\R5T.T0132\R5T.T0132.csproj", "{8098470B-73C7-462E-AA02-CDF53BEEECA4}"
EndProject
Project("{9A19103F-16F7-4668-BE54-9A1E7A4F7556}") = "R5T.T0142", "..\..\R5T.T0142\source\R5T.T0142\R5T.T0142.csproj", "{4A078B1A-3B3F-4FBD-9ADB-31EDDE6BADDE}"
EndProject
Project("{9A19103F-16F7-4668-BE54-9A1E7A4F7556}") = "R5T.T0143", "..\..\R5T.T0143\source\R5T.T0143\R5T.T0143.csproj", "{714EA73E-CD44-4533-A41D-32B313E1B9DD}"
EndProject
Project("{9A19103F-16F7-4668-BE54-9A1E7A4F7556}") = "R5T.T0156", "..\..\R5T.T0156\source\R5T.T0156\R5T.T0156.csproj", "{83372CC5-2082-4D66-8878-78605C7CEF0E}"
EndProject
Project("{9A19103F-16F7-4668-BE54-9A1E7A4F7556}") = "R5T.T0161", "..\..\R5T.T0161\source\R5T.T0161\R5T.T0161.csproj", "{76D14E3C-2C0A-4636-92DE-88D09A698AE0}"
EndProject
Project("{9A19103F-16F7-4668-BE54-9A1E7A4F7556}") = "R5T.T0162", "..\..\R5T.T0162\source\R5T.T0162\R5T.T0162.csproj", "{3DBC85FB-10EC-4F04-AF0E-4433E5ADA371}"
EndProject
Project("{9A19103F-16F7-4668-BE54-9A1E7A4F7556}") = "R5T.T0169", "..\..\R5T.T0169\source\R5T.T0169\R5T.T0169.csproj", "{DD7D92FE-5058-4440-A67F-512F22951BAE}"
EndProject
Project("{9A19103F-16F7-4668-BE54-9A1E7A4F7556}") = "R5T.T0170", "..\..\R5T.T0170\source\R5T.T0170\R5T.T0170.csproj", "{B3BEE2C4-52E5-4E4B-B096-F18493A3EF65}"
EndProject
Project("{9A19103F-16F7-4668-BE54-9A1E7A4F7556}") = "R5T.T0171", "..\..\R5T.T0171\source\R5T.T0171\R5T.T0171.csproj", "{4BBD482C-A7BE-423B-80BD-0860C5BA8F3C}"
EndProject
Project("{9A19103F-16F7-4668-BE54-9A1E7A4F7556}") = "R5T.T0172", "..\..\R5T.T0172\source\R5T.T0172\R5T.T0172.csproj", "{8B0B6138-695B-45E5-8C4B-43D76A34C01B}"
EndProject
Project("{9A19103F-16F7-4668-BE54-9A1E7A4F7556}") = "R5T.T0173", "..\..\R5T.T0173\source\R5T.T0173\R5T.T0173.csproj", "{42613D19-1468-406F-8DF6-4EEEF1D861FE}"
EndProject
Project("{9A19103F-16F7-4668-BE54-9A1E7A4F7556}") = "R5T.T0178", "..\..\R5T.T0178\source\R5T.T0178\R5T.T0178.csproj", "{97149AC3-74CD-4F99-B457-448BF04FFDDD}"
EndProject
Project("{9A19103F-16F7-4668-BE54-9A1E7A4F7556}") = "R5T.T0179", "..\..\R5T.T0179\source\R5T.T0179\R5T.T0179.csproj", "{932C22C3-578C-40F5-A56F-E4C256D73ABF}"
EndProject
Project("{9A19103F-16F7-4668-BE54-9A1E7A4F7556}") = "R5T.T0180", "..\..\R5T.T0180\source\R5T.T0180\R5T.T0180.csproj", "{52BE8184-4850-4062-9DBF-2ED6ED04F5B8}"
EndProject
Project("{9A19103F-16F7-4668-BE54-9A1E7A4F7556}") = "R5T.T0181", "..\..\R5T.T0181\source\R5T.T0181\R5T.T0181.csproj", "{01CB1685-F188-48AA-B7A5-A500A05BAE4B}"
EndProject
Project("{9A19103F-16F7-4668-BE54-9A1E7A4F7556}") = "R5T.Y0000", "..\..\R5T.Y0000\source\R5T.Y0000\R5T.Y0000.csproj", "{88C1596E-12A0-4162-BA13-596CA6D44B22}"
EndProject
Project("{9A19103F-16F7-4668-BE54-9A1E7A4F7556}") = "R5T.Z0000", "..\..\R5T.Z0000\source\R5T.Z0000\R5T.Z0000.csproj", "{08C83802-D6C8-4C1A-95D7-E8CBD02FDB79}"
EndProject
Project("{9A19103F-16F7-4668-BE54-9A1E7A4F7556}") = "R5T.Z0037", "..\..\R5T.Z0037\source\R5T.Z0037\R5T.Z0037.csproj", "{F71A471B-4423-4A6B-A4C8-9A2AD45DDB18}"
EndProject
Global
	GlobalSection(NestedProjects) = preSolution
		{5C27C040-5664-461E-974B-D67F723DE19D} = {7A71EA26-39E5-4B14-B50B-523A76ED984C}
		{BB0DE5A4-1E8B-40E3-BA00-A61EDC3CD939} = {7A71EA26-39E5-4B14-B50B-523A76ED984C}
		{FA45B657-52E6-4D26-A1EC-1A5F6C6EF8E9} = {7A71EA26-39E5-4B14-B50B-523A76ED984C}
		{5F84813A-B88B-4F22-AB71-3FDE417A723D} = {7A71EA26-39E5-4B14-B50B-523A76ED984C}
		{2D9A48FC-1D67-43CF-9143-7379E0E4E42B} = {7A71EA26-39E5-4B14-B50B-523A76ED984C}
		{96A15E55-31AE-4379-BD72-D00E70FAACC4} = {7A71EA26-39E5-4B14-B50B-523A76ED984C}
		{435CADD3-1F65-4860-9E24-4AD9C6C3A71C} = {7A71EA26-39E5-4B14-B50B-523A76ED984C}
		{82FE9F7B-5792-4174-BBD6-65E96DEE6B65} = {7A71EA26-39E5-4B14-B50B-523A76ED984C}
		{82F7DFA9-E0AB-4D74-9094-542794DF6D16} = {7A71EA26-39E5-4B14-B50B-523A76ED984C}
		{AD590C83-AC8E-42AA-B0F1-B8B60E60F084} = {7A71EA26-39E5-4B14-B50B-523A76ED984C}
		{8098470B-73C7-462E-AA02-CDF53BEEECA4} = {7A71EA26-39E5-4B14-B50B-523A76ED984C}
		{4A078B1A-3B3F-4FBD-9ADB-31EDDE6BADDE} = {7A71EA26-39E5-4B14-B50B-523A76ED984C}
		{714EA73E-CD44-4533-A41D-32B313E1B9DD} = {7A71EA26-39E5-4B14-B50B-523A76ED984C}
		{83372CC5-2082-4D66-8878-78605C7CEF0E} = {7A71EA26-39E5-4B14-B50B-523A76ED984C}
		{76D14E3C-2C0A-4636-92DE-88D09A698AE0} = {7A71EA26-39E5-4B14-B50B-523A76ED984C}
		{3DBC85FB-10EC-4F04-AF0E-4433E5ADA371} = {7A71EA26-39E5-4B14-B50B-523A76ED984C}
		{DD7D92FE-5058-4440-A67F-512F22951BAE} = {7A71EA26-39E5-4B14-B50B-523A76ED984C}
		{B3BEE2C4-52E5-4E4B-B096-F18493A3EF65} = {7A71EA26-39E5-4B14-B50B-523A76ED984C}
		{4BBD482C-A7BE-423B-80BD-0860C5BA8F3C} = {7A71EA26-39E5-4B14-B50B-523A76ED984C}
		{8B0B6138-695B-45E5-8C4B-43D76A34C01B} = {7A71EA26-39E5-4B14-B50B-523A76ED984C}
		{42613D19-1468-406F-8DF6-4EEEF1D861FE} = {7A71EA26-39E5-4B14-B50B-523A76ED984C}
		{97149AC3-74CD-4F99-B457-448BF04FFDDD} = {7A71EA26-39E5-4B14-B50B-523A76ED984C}
		{932C22C3-578C-40F5-A56F-E4C256D73ABF} = {7A71EA26-39E5-4B14-B50B-523A76ED984C}
		{52BE8184-4850-4062-9DBF-2ED6ED04F5B8} = {7A71EA26-39E5-4B14-B50B-523A76ED984C}
		{01CB1685-F188-48AA-B7A5-A500A05BAE4B} = {7A71EA26-39E5-4B14-B50B-523A76ED984C}
		{88C1596E-12A0-4162-BA13-596CA6D44B22} = {7A71EA26-39E5-4B14-B50B-523A76ED984C}
		{08C83802-D6C8-4C1A-95D7-E8CBD02FDB79} = {7A71EA26-39E5-4B14-B50B-523A76ED984C}
		{F71A471B-4423-4A6B-A4C8-9A2AD45DDB18} = {7A71EA26-39E5-4B14-B50B-523A76ED984C}
	EndGlobalSection
	GlobalSection(SolutionConfigurationPlatforms) = preSolution
		Debug|Any CPU = Debug|Any CPU
		Release|Any CPU = Release|Any CPU
	EndGlobalSection
	GlobalSection(ProjectConfigurationPlatforms) = postSolution
		{03B58E09-9320-43AC-B47A-E2097DC300FA}.Debug|Any CPU.ActiveCfg = Debug|Any CPU
		{03B58E09-9320-43AC-B47A-E2097DC300FA}.Debug|Any CPU.Build.0 = Debug|Any CPU
		{03B58E09-9320-43AC-B47A-E2097DC300FA}.Release|Any CPU.ActiveCfg = Release|Any CPU
		{03B58E09-9320-43AC-B47A-E2097DC300FA}.Release|Any CPU.Build.0 = Release|Any CPU
		{5C27C040-5664-461E-974B-D67F723DE19D}.Debug|Any CPU.ActiveCfg = Debug|Any CPU
		{5C27C040-5664-461E-974B-D67F723DE19D}.Debug|Any CPU.Build.0 = Debug|Any CPU
		{5C27C040-5664-461E-974B-D67F723DE19D}.Release|Any CPU.ActiveCfg = Release|Any CPU
		{5C27C040-5664-461E-974B-D67F723DE19D}.Release|Any CPU.Build.0 = Release|Any CPU
		{BB0DE5A4-1E8B-40E3-BA00-A61EDC3CD939}.Debug|Any CPU.ActiveCfg = Debug|Any CPU
		{BB0DE5A4-1E8B-40E3-BA00-A61EDC3CD939}.Debug|Any CPU.Build.0 = Debug|Any CPU
		{BB0DE5A4-1E8B-40E3-BA00-A61EDC3CD939}.Release|Any CPU.ActiveCfg = Release|Any CPU
		{BB0DE5A4-1E8B-40E3-BA00-A61EDC3CD939}.Release|Any CPU.Build.0 = Release|Any CPU
		{FA45B657-52E6-4D26-A1EC-1A5F6C6EF8E9}.Debug|Any CPU.ActiveCfg = Debug|Any CPU
		{FA45B657-52E6-4D26-A1EC-1A5F6C6EF8E9}.Debug|Any CPU.Build.0 = Debug|Any CPU
		{FA45B657-52E6-4D26-A1EC-1A5F6C6EF8E9}.Release|Any CPU.ActiveCfg = Release|Any CPU
		{FA45B657-52E6-4D26-A1EC-1A5F6C6EF8E9}.Release|Any CPU.Build.0 = Release|Any CPU
		{5F84813A-B88B-4F22-AB71-3FDE417A723D}.Debug|Any CPU.ActiveCfg = Debug|Any CPU
		{5F84813A-B88B-4F22-AB71-3FDE417A723D}.Debug|Any CPU.Build.0 = Debug|Any CPU
		{5F84813A-B88B-4F22-AB71-3FDE417A723D}.Release|Any CPU.ActiveCfg = Release|Any CPU
		{5F84813A-B88B-4F22-AB71-3FDE417A723D}.Release|Any CPU.Build.0 = Release|Any CPU
		{2D9A48FC-1D67-43CF-9143-7379E0E4E42B}.Debug|Any CPU.ActiveCfg = Debug|Any CPU
		{2D9A48FC-1D67-43CF-9143-7379E0E4E42B}.Debug|Any CPU.Build.0 = Debug|Any CPU
		{2D9A48FC-1D67-43CF-9143-7379E0E4E42B}.Release|Any CPU.ActiveCfg = Release|Any CPU
		{2D9A48FC-1D67-43CF-9143-7379E0E4E42B}.Release|Any CPU.Build.0 = Release|Any CPU
		{96A15E55-31AE-4379-BD72-D00E70FAACC4}.Debug|Any CPU.ActiveCfg = Debug|Any CPU
		{96A15E55-31AE-4379-BD72-D00E70FAACC4}.Debug|Any CPU.Build.0 = Debug|Any CPU
		{96A15E55-31AE-4379-BD72-D00E70FAACC4}.Release|Any CPU.ActiveCfg = Release|Any CPU
		{96A15E55-31AE-4379-BD72-D00E70FAACC4}.Release|Any CPU.Build.0 = Release|Any CPU
		{435CADD3-1F65-4860-9E24-4AD9C6C3A71C}.Debug|Any CPU.ActiveCfg = Debug|Any CPU
		{435CADD3-1F65-4860-9E24-4AD9C6C3A71C}.Debug|Any CPU.Build.0 = Debug|Any CPU
		{435CADD3-1F65-4860-9E24-4AD9C6C3A71C}.Release|Any CPU.ActiveCfg = Release|Any CPU
		{435CADD3-1F65-4860-9E24-4AD9C6C3A71C}.Release|Any CPU.Build.0 = Release|Any CPU
		{82FE9F7B-5792-4174-BBD6-65E96DEE6B65}.Debug|Any CPU.ActiveCfg = Debug|Any CPU
		{82FE9F7B-5792-4174-BBD6-65E96DEE6B65}.Debug|Any CPU.Build.0 = Debug|Any CPU
		{82FE9F7B-5792-4174-BBD6-65E96DEE6B65}.Release|Any CPU.ActiveCfg = Release|Any CPU
		{82FE9F7B-5792-4174-BBD6-65E96DEE6B65}.Release|Any CPU.Build.0 = Release|Any CPU
		{82F7DFA9-E0AB-4D74-9094-542794DF6D16}.Debug|Any CPU.ActiveCfg = Debug|Any CPU
		{82F7DFA9-E0AB-4D74-9094-542794DF6D16}.Debug|Any CPU.Build.0 = Debug|Any CPU
		{82F7DFA9-E0AB-4D74-9094-542794DF6D16}.Release|Any CPU.ActiveCfg = Release|Any CPU
		{82F7DFA9-E0AB-4D74-9094-542794DF6D16}.Release|Any CPU.Build.0 = Release|Any CPU
		{AD590C83-AC8E-42AA-B0F1-B8B60E60F084}.Debug|Any CPU.ActiveCfg = Debug|Any CPU
		{AD590C83-AC8E-42AA-B0F1-B8B60E60F084}.Debug|Any CPU.Build.0 = Debug|Any CPU
		{AD590C83-AC8E-42AA-B0F1-B8B60E60F084}.Release|Any CPU.ActiveCfg = Release|Any CPU
		{AD590C83-AC8E-42AA-B0F1-B8B60E60F084}.Release|Any CPU.Build.0 = Release|Any CPU
		{8098470B-73C7-462E-AA02-CDF53BEEECA4}.Debug|Any CPU.ActiveCfg = Debug|Any CPU
		{8098470B-73C7-462E-AA02-CDF53BEEECA4}.Debug|Any CPU.Build.0 = Debug|Any CPU
		{8098470B-73C7-462E-AA02-CDF53BEEECA4}.Release|Any CPU.ActiveCfg = Release|Any CPU
		{8098470B-73C7-462E-AA02-CDF53BEEECA4}.Release|Any CPU.Build.0 = Release|Any CPU
		{4A078B1A-3B3F-4FBD-9ADB-31EDDE6BADDE}.Debug|Any CPU.ActiveCfg = Debug|Any CPU
		{4A078B1A-3B3F-4FBD-9ADB-31EDDE6BADDE}.Debug|Any CPU.Build.0 = Debug|Any CPU
		{4A078B1A-3B3F-4FBD-9ADB-31EDDE6BADDE}.Release|Any CPU.ActiveCfg = Release|Any CPU
		{4A078B1A-3B3F-4FBD-9ADB-31EDDE6BADDE}.Release|Any CPU.Build.0 = Release|Any CPU
		{714EA73E-CD44-4533-A41D-32B313E1B9DD}.Debug|Any CPU.ActiveCfg = Debug|Any CPU
		{714EA73E-CD44-4533-A41D-32B313E1B9DD}.Debug|Any CPU.Build.0 = Debug|Any CPU
		{714EA73E-CD44-4533-A41D-32B313E1B9DD}.Release|Any CPU.ActiveCfg = Release|Any CPU
		{714EA73E-CD44-4533-A41D-32B313E1B9DD}.Release|Any CPU.Build.0 = Release|Any CPU
		{83372CC5-2082-4D66-8878-78605C7CEF0E}.Debug|Any CPU.ActiveCfg = Debug|Any CPU
		{83372CC5-2082-4D66-8878-78605C7CEF0E}.Debug|Any CPU.Build.0 = Debug|Any CPU
		{83372CC5-2082-4D66-8878-78605C7CEF0E}.Release|Any CPU.ActiveCfg = Release|Any CPU
		{83372CC5-2082-4D66-8878-78605C7CEF0E}.Release|Any CPU.Build.0 = Release|Any CPU
		{76D14E3C-2C0A-4636-92DE-88D09A698AE0}.Debug|Any CPU.ActiveCfg = Debug|Any CPU
		{76D14E3C-2C0A-4636-92DE-88D09A698AE0}.Debug|Any CPU.Build.0 = Debug|Any CPU
		{76D14E3C-2C0A-4636-92DE-88D09A698AE0}.Release|Any CPU.ActiveCfg = Release|Any CPU
		{76D14E3C-2C0A-4636-92DE-88D09A698AE0}.Release|Any CPU.Build.0 = Release|Any CPU
		{3DBC85FB-10EC-4F04-AF0E-4433E5ADA371}.Debug|Any CPU.ActiveCfg = Debug|Any CPU
		{3DBC85FB-10EC-4F04-AF0E-4433E5ADA371}.Debug|Any CPU.Build.0 = Debug|Any CPU
		{3DBC85FB-10EC-4F04-AF0E-4433E5ADA371}.Release|Any CPU.ActiveCfg = Release|Any CPU
		{3DBC85FB-10EC-4F04-AF0E-4433E5ADA371}.Release|Any CPU.Build.0 = Release|Any CPU
		{DD7D92FE-5058-4440-A67F-512F22951BAE}.Debug|Any CPU.ActiveCfg = Debug|Any CPU
		{DD7D92FE-5058-4440-A67F-512F22951BAE}.Debug|Any CPU.Build.0 = Debug|Any CPU
		{DD7D92FE-5058-4440-A67F-512F22951BAE}.Release|Any CPU.ActiveCfg = Release|Any CPU
		{DD7D92FE-5058-4440-A67F-512F22951BAE}.Release|Any CPU.Build.0 = Release|Any CPU
		{B3BEE2C4-52E5-4E4B-B096-F18493A3EF65}.Debug|Any CPU.ActiveCfg = Debug|Any CPU
		{B3BEE2C4-52E5-4E4B-B096-F18493A3EF65}.Debug|Any CPU.Build.0 = Debug|Any CPU
		{B3BEE2C4-52E5-4E4B-B096-F18493A3EF65}.Release|Any CPU.ActiveCfg = Release|Any CPU
		{B3BEE2C4-52E5-4E4B-B096-F18493A3EF65}.Release|Any CPU.Build.0 = Release|Any CPU
		{4BBD482C-A7BE-423B-80BD-0860C5BA8F3C}.Debug|Any CPU.ActiveCfg = Debug|Any CPU
		{4BBD482C-A7BE-423B-80BD-0860C5BA8F3C}.Debug|Any CPU.Build.0 = Debug|Any CPU
		{4BBD482C-A7BE-423B-80BD-0860C5BA8F3C}.Release|Any CPU.ActiveCfg = Release|Any CPU
		{4BBD482C-A7BE-423B-80BD-0860C5BA8F3C}.Release|Any CPU.Build.0 = Release|Any CPU
		{8B0B6138-695B-45E5-8C4B-43D76A34C01B}.Debug|Any CPU.ActiveCfg = Debug|Any CPU
		{8B0B6138-695B-45E5-8C4B-43D76A34C01B}.Debug|Any CPU.Build.0 = Debug|Any CPU
		{8B0B6138-695B-45E5-8C4B-43D76A34C01B}.Release|Any CPU.ActiveCfg = Release|Any CPU
		{8B0B6138-695B-45E5-8C4B-43D76A34C01B}.Release|Any CPU.Build.0 = Release|Any CPU
		{42613D19-1468-406F-8DF6-4EEEF1D861FE}.Debug|Any CPU.ActiveCfg = Debug|Any CPU
		{42613D19-1468-406F-8DF6-4EEEF1D861FE}.Debug|Any CPU.Build.0 = Debug|Any CPU
		{42613D19-1468-406F-8DF6-4EEEF1D861FE}.Release|Any CPU.ActiveCfg = Release|Any CPU
		{42613D19-1468-406F-8DF6-4EEEF1D861FE}.Release|Any CPU.Build.0 = Release|Any CPU
		{97149AC3-74CD-4F99-B457-448BF04FFDDD}.Debug|Any CPU.ActiveCfg = Debug|Any CPU
		{97149AC3-74CD-4F99-B457-448BF04FFDDD}.Debug|Any CPU.Build.0 = Debug|Any CPU
		{97149AC3-74CD-4F99-B457-448BF04FFDDD}.Release|Any CPU.ActiveCfg = Release|Any CPU
		{97149AC3-74CD-4F99-B457-448BF04FFDDD}.Release|Any CPU.Build.0 = Release|Any CPU
		{932C22C3-578C-40F5-A56F-E4C256D73ABF}.Debug|Any CPU.ActiveCfg = Debug|Any CPU
		{932C22C3-578C-40F5-A56F-E4C256D73ABF}.Debug|Any CPU.Build.0 = Debug|Any CPU
		{932C22C3-578C-40F5-A56F-E4C256D73ABF}.Release|Any CPU.ActiveCfg = Release|Any CPU
		{932C22C3-578C-40F5-A56F-E4C256D73ABF}.Release|Any CPU.Build.0 = Release|Any CPU
		{52BE8184-4850-4062-9DBF-2ED6ED04F5B8}.Debug|Any CPU.ActiveCfg = Debug|Any CPU
		{52BE8184-4850-4062-9DBF-2ED6ED04F5B8}.Debug|Any CPU.Build.0 = Debug|Any CPU
		{52BE8184-4850-4062-9DBF-2ED6ED04F5B8}.Release|Any CPU.ActiveCfg = Release|Any CPU
		{52BE8184-4850-4062-9DBF-2ED6ED04F5B8}.Release|Any CPU.Build.0 = Release|Any CPU
		{01CB1685-F188-48AA-B7A5-A500A05BAE4B}.Debug|Any CPU.ActiveCfg = Debug|Any CPU
		{01CB1685-F188-48AA-B7A5-A500A05BAE4B}.Debug|Any CPU.Build.0 = Debug|Any CPU
		{01CB1685-F188-48AA-B7A5-A500A05BAE4B}.Release|Any CPU.ActiveCfg = Release|Any CPU
		{01CB1685-F188-48AA-B7A5-A500A05BAE4B}.Release|Any CPU.Build.0 = Release|Any CPU
		{88C1596E-12A0-4162-BA13-596CA6D44B22}.Debug|Any CPU.ActiveCfg = Debug|Any CPU
		{88C1596E-12A0-4162-BA13-596CA6D44B22}.Debug|Any CPU.Build.0 = Debug|Any CPU
		{88C1596E-12A0-4162-BA13-596CA6D44B22}.Release|Any CPU.ActiveCfg = Release|Any CPU
		{88C1596E-12A0-4162-BA13-596CA6D44B22}.Release|Any CPU.Build.0 = Release|Any CPU
		{08C83802-D6C8-4C1A-95D7-E8CBD02FDB79}.Debug|Any CPU.ActiveCfg = Debug|Any CPU
		{08C83802-D6C8-4C1A-95D7-E8CBD02FDB79}.Debug|Any CPU.Build.0 = Debug|Any CPU
		{08C83802-D6C8-4C1A-95D7-E8CBD02FDB79}.Release|Any CPU.ActiveCfg = Release|Any CPU
		{08C83802-D6C8-4C1A-95D7-E8CBD02FDB79}.Release|Any CPU.Build.0 = Release|Any CPU
		{F71A471B-4423-4A6B-A4C8-9A2AD45DDB18}.Debug|Any CPU.ActiveCfg = Debug|Any CPU
		{F71A471B-4423-4A6B-A4C8-9A2AD45DDB18}.Debug|Any CPU.Build.0 = Debug|Any CPU
		{F71A471B-4423-4A6B-A4C8-9A2AD45DDB18}.Release|Any CPU.ActiveCfg = Release|Any CPU
		{F71A471B-4423-4A6B-A4C8-9A2AD45DDB18}.Release|Any CPU.Build.0 = Release|Any CPU
	EndGlobalSection
	GlobalSection(SolutionProperties) = preSolution
		HideSolutionNode = FALSE
	EndGlobalSection
	GlobalSection(ExtensibilityGlobals) = postSolution
		SolutionGuid = {7D52548B-1C73-4091-816B-CE52A96CA38F}
	EndGlobalSection
EndGlobal
